<Solution>
  <Configurations>
    <Platform Name="Any CPU" />
    <Platform Name="x64" />
    <Platform Name="x86" />
  </Configurations>
  <Folder Name="/.build/">
    <File Path=".editorconfig" />
  </Folder>
  <Folder Name="/benchmarks/">
    <File Path="Directory.Build.props" />
    <File Path="Directory.Build.targets" />
    <Project Path="benchmarks/Hosting.Benchmarks/Hosting.Benchmarks.csproj" />
  </Folder>
  <Folder Name="/config/">
    <File Path=".build/.editorconfig" />
    <File Path=".codecov.yml" />
    <File Path=".config/dotnet-tools.json" />
    <File Path=".editorconfig" />
    <File Path=".gitattributes" />
    <File Path=".gitignore" />
    <File Path=".gitmodules" />
    <File Path="build.cmd" />
    <File Path="build.ps1" />
    <File Path="build.sh" />
    <File Path="Directory.Build.props" />
    <File Path="Directory.Build.targets" />
    <File Path="Directory.Packages.props" />
    <File Path="Directory.Packages.support.props" />
    <File Path="dotnet-tools.json" />
    <File Path="GitReleaseManager.yaml" />
    <File Path="GitVersion.yml" />
    <File Path="LICENSE" />
    <File Path="NuGet.config" />
    <File Path="package.json" />
    <File Path="Readme.md" />
  </Folder>
  <Folder Name="/config/.github/">
    <File Path="labels.yml" />
    <File Path="release.yml" />
    <File Path="renovate.json" />
  </Folder>
  <Folder Name="/config/.github/workflows/">
    <File Path="ci-ignore.yml" />
    <File Path="ci.yml" />
    <File Path="close-milestone.yml" />
    <File Path="dependabot-merge.yml" />
    <File Path="draft-release.yml" />
    <File Path="lint.yml" />
    <File Path="publish-docs.yml" />
    <File Path="publish-nuget.yml" />
    <File Path="sync-labels.yml" />
    <File Path="update-milestone.yml" />
  </Folder>
  <Folder Name="/config/.husky/">
    <File Path="pre-commit" />
    <File Path="task-runner.json" />
  </Folder>
  <Folder Name="/config/.vscode/">
    <File Path="launch.json" />
    <File Path="settings.json" />
    <File Path="tasks.json" />
  </Folder>
  <Folder Name="/sample/">
    <File Path="sample/Directory.Build.props" />
    <File Path="sample/Directory.Build.targets" />
    <Project Path="sample/AspireSample/AspireSample.csproj" />
    <Project Path="sample/Sample.BlazorWasm/Sample.BlazorWasm.csproj" />
    <Project Path="sample/Sample.Core.Tests/Sample.Core.Tests.csproj" />
    <Project Path="sample/Sample.Core/Sample.Core.csproj" />
    <Project Path="sample/Sample.DependencyOne/Sample.DependencyOne.csproj" />
    <Project Path="sample/Sample.DependencyThree/Sample.DependencyThree.csproj" />
    <Project Path="sample/Sample.DependencyTwo/Sample.DependencyTwo.csproj" />
  </Folder>
  <Folder Name="/src/">
    <File Path="src/.editorconfig" />
    <File Path="src/Directory.Build.props" />
    <File Path="src/Directory.Build.targets" />
    <Project Path="src/Clavus.Aspire.Testing/Clavus.Aspire.Testing.csproj" />
    <Project Path="src/Clavus.Aspire/Clavus.Aspire.csproj" />
    <Project Path="src/Clavus.Analyzers/Clavus.Analyzers.csproj" />
    <Project Path="src/Clavus.Autofac/Clavus.Autofac.csproj" />
    <Project Path="src/Clavus.Configuration.Json/Clavus.Configuration.Json.csproj" />
    <Project Path="src/Clavus.Configuration.Yaml/Clavus.Configuration.Yaml.csproj" />
    <Project Path="src/Clavus.Configuration.Toml/Clavus.Configuration.Toml.csproj" />
    <Project Path="src/Clavus.DryIoc/Clavus.DryIoc.csproj" />
    <Project Path="src/Clavus.OpenTelemetry/Clavus.OpenTelemetry.csproj" />
    <Project Path="src/Clavus.Serilog/Clavus.Serilog.csproj" />
    <Project Path="src/Clavus/Clavus.csproj" />
    <Project Path="src/Clavus.Hosting.Web/Clavus.Hosting.Web.csproj" />
    <Project Path="src/Clavus.Hosting.WebAssembly/Clavus.Hosting.WebAssembly.csproj" />
    <Project Path="src/Clavus.Hosting/Clavus.Hosting.csproj" />
    <Project Path="src/Clavus.Sdk/Clavus.Sdk.csproj" />
  </Folder>
  <Folder Name="/src/Clavus.Analyzers.supports/">
    <Project Path="src/Clavus.Analyzers.supports/Clavus.Analyzers.roslyn5.0.csproj" />
  </Folder>
  <Folder Name="/test/">
    <File Path="test/.editorconfig" />
    <File Path="test/Directory.Build.props" />
    <File Path="test/Directory.Build.targets" />
    <Project Path="test/Clavus.Analyzers.Tests/Clavus.Analyzers.Tests.csproj" />
    <Project Path="test/Clavus.Aspire.Tests/Clavus.Aspire.Tests.csproj" />
    <Project Path="test/Clavus.Autofac.Tests/Clavus.Autofac.Tests.csproj" />
    <Project Path="test/Clavus.Configuration.Runtime.Tests/Clavus.Configuration.Runtime.Tests.csproj" />
    <Project Path="test/Clavus.Tests/Clavus.Tests.csproj" />
    <Project Path="test/Clavus.DryIoc.Tests/Clavus.DryIoc.Tests.csproj" />
    <Project Path="test/Clavus.Hosting.AspNetCore.Tests/Clavus.Hosting.AspNetCore.Tests.csproj" />
    <Project Path="test/Clavus.OpenTelemetry.Tests/Clavus.OpenTelemetry.Tests.csproj" />
    <Project Path="test/Clavus.Hosting.Tests/Clavus.Hosting.Tests.csproj" />
    <Project Path="test/Clavus.WebAssembly.Hosting.Tests/Clavus.WebAssembly.Hosting.Tests.csproj" />
  </Folder>
</Solution>
