Microsoft Visual Studio Solution File, Format Version 12.00
# Visual Studio Version 16
VisualStudioVersion = 16.0.29006.145
MinimumVisualStudioVersion = 15.0.26124.0
Project("{2150E333-8FDC-42A3-9474-1A3956D46DE8}") = "src", "src", "{8FFDF555-DB50-45F9-9A2D-6410F39151C3}"
	ProjectSection(SolutionItems) = preProject
		Directory.Build.props = src\Directory.Build.props
		Directory.Build.targets = src\Directory.Build.targets
		.editorconfig = src\.editorconfig
	EndProjectSection
EndProject
Project("{2150E333-8FDC-42A3-9474-1A3956D46DE8}") = "test", "test", "{DF33E0FB-9790-4654-B60F-8AB22E0CC3D1}"
	ProjectSection(SolutionItems) = preProject
		Directory.Build.props = test\Directory.Build.props
		Directory.Build.targets = test\Directory.Build.targets
		.editorconfig = test\.editorconfig
	EndProjectSection
EndProject
Project("{9A19103F-16F7-4668-BE54-9A1E7A4F7556}") = ".build", ".build\.build.csproj", "{55EFAE2F-A7CA-4917-A381-4A6EF5E79610}"
EndProject
Project("{2150E333-8FDC-42A3-9474-1A3956D46DE8}") = "sample", "sample", "{96A0AEB7-ACFA-491C-8FA5-2A1BE4E8B718}"
	ProjectSection(SolutionItems) = preProject
		Directory.Build.props = sample\Directory.Build.props
		Directory.Build.targets = sample\Directory.Build.targets
	EndProjectSection
EndProject
Project("{9A19103F-16F7-4668-BE54-9A1E7A4F7556}") = "Sample.DependencyOne", "sample\Sample.DependencyOne\Sample.DependencyOne.csproj", "{4A67F092-0AFF-4358-B9C5-9FD06469F21C}"
EndProject
Project("{9A19103F-16F7-4668-BE54-9A1E7A4F7556}") = "Sample.DependencyThree", "sample\Sample.DependencyThree\Sample.DependencyThree.csproj", "{F4B6AB74-9949-4CB7-A0D7-C7A51827394D}"
EndProject
Project("{9A19103F-16F7-4668-BE54-9A1E7A4F7556}") = "Sample.DependencyTwo", "sample\Sample.DependencyTwo\Sample.DependencyTwo.csproj", "{07E9A423-1C40-4EBC-9E28-B109CCDFD770}"
EndProject
Project("{9A19103F-16F7-4668-BE54-9A1E7A4F7556}") = "Diagnostics", "sample\Diagnostics\Diagnostics.csproj", "{60352223-EEDC-4C1B-ACAC-D28622D5357B}"
EndProject
Project("{2150E333-8FDC-42A3-9474-1A3956D46DE8}") = "benchmarks", "benchmarks", "{6E25DD54-88B0-4647-9AB1-2575C5253B52}"
	ProjectSection(SolutionItems) = preProject
		Directory.Build.props = benchmarks\Directory.Build.props
		Directory.Build.targets = benchmarks\Directory.Build.targets
	EndProjectSection
EndProject
Project("{9A19103F-16F7-4668-BE54-9A1E7A4F7556}") = "Hosting.Benchmarks", "benchmarks\Hosting.Benchmarks\Hosting.Benchmarks.csproj", "{3E4C7202-8D87-4A52-A50A-0F0CC62BA70B}"
EndProject
Project("{FAE04EC0-301F-11D3-BF4B-00C04F79EFBC}") = "Rocket.Surgery.Extensions.CommandLine.Tests", "test\CommandLine.Tests\Rocket.Surgery.Extensions.CommandLine.Tests.csproj", "{0163D2DA-3B69-46CC-AF1D-D9C6C2E5FB56}"
EndProject
Project("{FAE04EC0-301F-11D3-BF4B-00C04F79EFBC}") = "Rocket.Surgery.Conventions.Tests", "test\Conventions.Tests\Rocket.Surgery.Conventions.Tests.csproj", "{CD4BBC89-40DA-498B-832F-14B8E2AFD178}"
EndProject
Project("{FAE04EC0-301F-11D3-BF4B-00C04F79EFBC}") = "Rocket.Surgery.Hosting.AspNetCore.Tests", "test\Hosting.AspNetCore.Tests\Rocket.Surgery.Hosting.AspNetCore.Tests.csproj", "{607F7F15-0A1F-43E1-ADEE-ECC4ECDF4924}"
EndProject
Project("{FAE04EC0-301F-11D3-BF4B-00C04F79EFBC}") = "Rocket.Surgery.Hosting.Tests", "test\Hosting.Tests\Rocket.Surgery.Hosting.Tests.csproj", "{F13FD688-603D-4F3E-A17C-7BE7B7D68E19}"
EndProject
Project("{FAE04EC0-301F-11D3-BF4B-00C04F79EFBC}") = "Rocket.Surgery.Conventions", "src\Conventions\Rocket.Surgery.Conventions.csproj", "{8E0509C3-90FA-407F-BF32-C317A854F750}"
EndProject
Project("{FAE04EC0-301F-11D3-BF4B-00C04F79EFBC}") = "Rocket.Surgery.Conventions.Abstractions", "src\Conventions.Abstractions\Rocket.Surgery.Conventions.Abstractions.csproj", "{ED1921D8-DC37-4F85-9959-4DE4885769BF}"
EndProject
Project("{FAE04EC0-301F-11D3-BF4B-00C04F79EFBC}") = "Rocket.Surgery.Conventions.Diagnostics", "src\Conventions.Diagnostics\Rocket.Surgery.Conventions.Diagnostics.csproj", "{813868CE-1951-4F2F-B825-FDE3A6261749}"
EndProject
Project("{FAE04EC0-301F-11D3-BF4B-00C04F79EFBC}") = "Rocket.Surgery.Hosting", "src\Hosting\Rocket.Surgery.Hosting.csproj", "{3543A566-A752-4DF9-84BD-1DFDF817271E}"
EndProject
Project("{FAE04EC0-301F-11D3-BF4B-00C04F79EFBC}") = "Rocket.Surgery.WebAssembly.Hosting", "src\WebAssembly.Hosting\Rocket.Surgery.WebAssembly.Hosting.csproj", "{2E9A5408-A6A9-47F4-A18A-BCA57728E6A7}"
EndProject
Project("{FAE04EC0-301F-11D3-BF4B-00C04F79EFBC}") = "Rocket.Surgery.WebAssembly.Hosting.Tests", "test\WebAssembly.Hosting.Tests\Rocket.Surgery.WebAssembly.Hosting.Tests.csproj", "{C78F9978-5BD1-4823-93C1-68FC46EEC718}"
EndProject
Project("{FAE04EC0-301F-11D3-BF4B-00C04F79EFBC}") = "Rocket.Surgery.Conventions.Analyzers", "src\Conventions.Analyzers\Rocket.Surgery.Conventions.Analyzers.csproj", "{E5CE2C84-D92D-4351-9876-318C34A98209}"
EndProject
Project("{FAE04EC0-301F-11D3-BF4B-00C04F79EFBC}") = "Rocket.Surgery.Conventions.Analyzers.Tests", "test\Analyzers.Tests\Rocket.Surgery.Conventions.Analyzers.Tests.csproj", "{8DE57CD3-EAAA-45E7-8710-5828C8099771}"
EndProject
Project("{FAE04EC0-301F-11D3-BF4B-00C04F79EFBC}") = "docs", "docs\docs.csproj", "{554E6E10-0535-4416-9525-BA33E3EB5BB0}"
EndProject
Project("{2150E333-8FDC-42A3-9474-1A3956D46DE8}") = "docs", "docs", "{D64E763C-BDA9-4139-B324-4193FE068DA4}"
	ProjectSection(SolutionItems) = preProject
	EndProjectSection
EndProject
Project("{FAE04EC0-301F-11D3-BF4B-00C04F79EFBC}") = "Sample", "sample\Sample\Sample.csproj", "{BC24883F-0B4A-4A01-A6ED-50154B15C298}"
EndProject
Project("{FAE04EC0-301F-11D3-BF4B-00C04F79EFBC}") = "Sample.Core", "sample\Sample.Core\Sample.Core.csproj", "{0436A84B-1BEC-4DAE-96C4-5D91DE57C4F6}"
EndProject
Project("{FAE04EC0-301F-11D3-BF4B-00C04F79EFBC}") = "Sample.Core.Tests", "sample\Sample.Core.Tests\Sample.Core.Tests.csproj", "{A4A7ACD3-A14A-4DD5-B45F-B0257F439B60}"
EndProject
Project("{FAE04EC0-301F-11D3-BF4B-00C04F79EFBC}") = "Sample.Tests", "sample\Sample.Tests\Sample.Tests.csproj", "{D694B088-C853-4A7A-AC05-4A0722067462}"
EndProject
Project("{FAE04EC0-301F-11D3-BF4B-00C04F79EFBC}") = "Rocket.Surgery.Conventions.Autofac", "src\Conventions.Autofac\Rocket.Surgery.Conventions.Autofac.csproj", "{A0270914-B019-4C8B-912C-7207224FBED1}"
EndProject
Project("{FAE04EC0-301F-11D3-BF4B-00C04F79EFBC}") = "Rocket.Surgery.Conventions.DryIoc", "src\Conventions.DryIoc\Rocket.Surgery.Conventions.DryIoc.csproj", "{152BE878-0DB8-4E95-84BB-B7476BA12E42}"
EndProject
Project("{FAE04EC0-301F-11D3-BF4B-00C04F79EFBC}") = "Rocket.Surgery.Extensions.Autofac.Tests", "test\Autofac.Tests\Rocket.Surgery.Extensions.Autofac.Tests.csproj", "{1325AEC6-B858-4EB4-BDA2-24E0FF13D109}"
EndProject
Project("{FAE04EC0-301F-11D3-BF4B-00C04F79EFBC}") = "Rocket.Surgery.Extensions.DryIoc.Tests", "test\DryIoc.Tests\Rocket.Surgery.Extensions.DryIoc.Tests.csproj", "{7765D099-FB8C-4707-8C95-8C5AEC91E5D0}"
EndProject
Project("{2150E333-8FDC-42A3-9474-1A3956D46DE8}") = "config", "config", "{AE3FEC8E-20F1-492C-A131-3EFD0196E7A5}"
	ProjectSection(SolutionItems) = preProject
		.config\dotnet-tools.json = .config\dotnet-tools.json
		Directory.Build.props = Directory.Build.props
		Directory.Packages.props = Directory.Packages.props
		Directory.Packages.support.props = Directory.Packages.support.props
		Directory.Build.targets = Directory.Build.targets
		.editorconfig = .editorconfig
		build.cmd = build.cmd
		build.ps1 = build.ps1
		build.sh = build.sh
		GitReleaseManager.yaml = GitReleaseManager.yaml
		.codecov.yml = .codecov.yml
		GitVersion.yml = GitVersion.yml
		LICENSE = LICENSE
		Readme.md = Readme.md
		.gitattributes = .gitattributes
		.gitignore = .gitignore
		.gitmodules = .gitmodules
		.prettierignore = .prettierignore
		.prettierrc = .prettierrc
		NuGet.config = NuGet.config
		package.json = package.json
		.build\.editorconfig = .build\.editorconfig
		dotnet-tools.json = .config\dotnet-tools.json
	EndProjectSection
EndProject
Project("{2150E333-8FDC-42A3-9474-1A3956D46DE8}") = ".github", ".github", "{7CF3978C-6394-4092-AF5D-7AD77C7D5170}"
	ProjectSection(SolutionItems) = preProject
		labels.yml = .github\labels.yml
		release.yml = .github\release.yml
		renovate.json = .github\renovate.json
	EndProjectSection
EndProject
Project("{2150E333-8FDC-42A3-9474-1A3956D46DE8}") = "workflows", "workflows", "{DB0B5F99-B2F3-4888-B36E-22887F994ACC}"
	ProjectSection(SolutionItems) = preProject
		ci-ignore.yml = .github\workflows\ci-ignore.yml
		ci.yml = .github\workflows\ci.yml
		close-milestone.yml = .github\workflows\close-milestone.yml
		dependabot-merge.yml = .github\workflows\dependabot-merge.yml
		draft-release.yml = .github\workflows\draft-release.yml
		lint.yml = .github\workflows\lint.yml
		publish-docs.yml = .github\workflows\publish-docs.yml
		sync-labels.yml = .github\workflows\sync-labels.yml
		update-milestone.yml = .github\workflows\update-milestone.yml
		publish-nuget.yml = .github\workflows\publish-nuget.yml
	EndProjectSection
EndProject
Project("{2150E333-8FDC-42A3-9474-1A3956D46DE8}") = ".husky", ".husky", "{833B6922-4C63-4058-8E4A-3167489B18FA}"
	ProjectSection(SolutionItems) = preProject
		pre-commit = .husky\pre-commit
		task-runner.json = .husky\task-runner.json
	EndProjectSection
EndProject
Project("{2150E333-8FDC-42A3-9474-1A3956D46DE8}") = ".vscode", ".vscode", "{888D214B-CD66-4122-81D2-27C9A2B0F34F}"
	ProjectSection(SolutionItems) = preProject
		launch.json = .vscode\launch.json
		settings.json = .vscode\settings.json
		tasks.json = .vscode\tasks.json
	EndProjectSection
EndProject
Project("{FAE04EC0-301F-11D3-BF4B-00C04F79EFBC}") = "Rocket.Surgery.Conventions.Configuration.Yaml", "src\Conventions.Configuration.Yaml\Rocket.Surgery.Conventions.Configuration.Yaml.csproj", "{2B6D82A7-3C3A-49C5-9C00-A92CFAECCE0D}"
EndProject
Project("{FAE04EC0-301F-11D3-BF4B-00C04F79EFBC}") = "Rocket.Surgery.Conventions.Configuration.Json", "src\Conventions.Configuration.Json\Rocket.Surgery.Conventions.Configuration.Json.csproj", "{E1057DB4-D09A-4D4D-BFDD-C14BDC725E58}"
EndProject
Project("{FAE04EC0-301F-11D3-BF4B-00C04F79EFBC}") = "Sample.BlazorWasm", "sample\Sample.BlazorWasm\Sample.BlazorWasm.csproj", "{3609DE86-A1DB-4070-96EB-3BD19320DDFD}"
EndProject
Project("{FAE04EC0-301F-11D3-BF4B-00C04F79EFBC}") = "Rocket.Surgery.Conventions.Analyzers.roslyn4.8", "src\Conventions.Analyzers.roslyn4.8\Rocket.Surgery.Conventions.Analyzers.roslyn4.8.csproj", "{865A7FC3-3E9E-46BD-9DD5-C8F328A62E62}"
EndProject
Project("{FAE04EC0-301F-11D3-BF4B-00C04F79EFBC}") = "Rocket.Surgery.Conventions.Analyzers.Tests.roslyn4.8", "test\Analyzers.Tests.roslyn4.8\Rocket.Surgery.Conventions.Analyzers.Tests.roslyn4.8.csproj", "{CF3BBD94-CA24-4B84-B747-497806A7D21F}"
EndProject
Project("{FAE04EC0-301F-11D3-BF4B-00C04F79EFBC}") = "Rocket.Surgery.CommandLine", "src\CommandLine\Rocket.Surgery.CommandLine.csproj", "{99DAE3F5-0EA1-4C80-859A-8213EB243EB2}"
EndProject
Project("{FAE04EC0-301F-11D3-BF4B-00C04F79EFBC}") = "Rocket.Surgery.Aspire.Hosting", "src\Aspire.Hosting\Rocket.Surgery.Aspire.Hosting.csproj", "{B4E7BD7B-119C-4A2C-88B5-DB137B059FAA}"
EndProject
Project("{FAE04EC0-301F-11D3-BF4B-00C04F79EFBC}") = "Rocket.Surgery.Aspire.Hosting.Testing", "src\Aspire.Hosting.Testing\Rocket.Surgery.Aspire.Hosting.Testing.csproj", "{C996322A-61AD-49DC-997D-C8550CFDC669}"
EndProject
Project("{FAE04EC0-301F-11D3-BF4B-00C04F79EFBC}") = "Aspire.Hosting.Tests", "test\Aspire.Hosting.Tests\Aspire.Hosting.Tests.csproj", "{5A1D2C50-BDC3-4322-B6E2-E1169C4B20A9}"
EndProject
Project("{FAE04EC0-301F-11D3-BF4B-00C04F79EFBC}") = "AspireSample", "sample\AspireSample\AspireSample.csproj", "{8A70E596-7382-4094-B048-EBA6D9EF2CFF}"
EndProject
Project("{2150E333-8FDC-42A3-9474-1A3956D46DE8}") = ".build", ".build", "{6DA138A7-5DBA-44DC-9A9D-606C3312B8FA}"
	ProjectSection(SolutionItems) = preProject
		.editorconfig = .build\.editorconfig
	EndProjectSection
EndProject
Project("{FAE04EC0-301F-11D3-BF4B-00C04F79EFBC}") = "Rocket.Surgery.Conventions.Serilog", "src\Conventions.Serilog\Rocket.Surgery.Conventions.Serilog.csproj", "{ECC586BA-211A-4D60-B83B-AF8EA3943ADC}"
EndProject
Global
	GlobalSection(SolutionConfigurationPlatforms) = preSolution
		Debug|Any CPU = Debug|Any CPU
		Debug|x64 = Debug|x64
		Debug|x86 = Debug|x86
		Release|Any CPU = Release|Any CPU
		Release|x64 = Release|x64
		Release|x86 = Release|x86
	EndGlobalSection
	GlobalSection(ProjectConfigurationPlatforms) = postSolution
		{55EFAE2F-A7CA-4917-A381-4A6EF5E79610}.Debug|Any CPU.ActiveCfg = Debug|Any CPU
		{55EFAE2F-A7CA-4917-A381-4A6EF5E79610}.Debug|x64.ActiveCfg = Debug|Any CPU
		{55EFAE2F-A7CA-4917-A381-4A6EF5E79610}.Debug|x86.ActiveCfg = Debug|Any CPU
		{55EFAE2F-A7CA-4917-A381-4A6EF5E79610}.Release|Any CPU.ActiveCfg = Release|Any CPU
		{55EFAE2F-A7CA-4917-A381-4A6EF5E79610}.Release|x64.ActiveCfg = Release|Any CPU
		{55EFAE2F-A7CA-4917-A381-4A6EF5E79610}.Release|x86.ActiveCfg = Release|Any CPU
		{4A67F092-0AFF-4358-B9C5-9FD06469F21C}.Debug|Any CPU.ActiveCfg = Debug|Any CPU
		{4A67F092-0AFF-4358-B9C5-9FD06469F21C}.Debug|Any CPU.Build.0 = Debug|Any CPU
		{4A67F092-0AFF-4358-B9C5-9FD06469F21C}.Debug|x64.ActiveCfg = Debug|Any CPU
		{4A67F092-0AFF-4358-B9C5-9FD06469F21C}.Debug|x64.Build.0 = Debug|Any CPU
		{4A67F092-0AFF-4358-B9C5-9FD06469F21C}.Debug|x86.ActiveCfg = Debug|Any CPU
		{4A67F092-0AFF-4358-B9C5-9FD06469F21C}.Debug|x86.Build.0 = Debug|Any CPU
		{4A67F092-0AFF-4358-B9C5-9FD06469F21C}.Release|Any CPU.ActiveCfg = Release|Any CPU
		{4A67F092-0AFF-4358-B9C5-9FD06469F21C}.Release|Any CPU.Build.0 = Release|Any CPU
		{4A67F092-0AFF-4358-B9C5-9FD06469F21C}.Release|x64.ActiveCfg = Release|Any CPU
		{4A67F092-0AFF-4358-B9C5-9FD06469F21C}.Release|x64.Build.0 = Release|Any CPU
		{4A67F092-0AFF-4358-B9C5-9FD06469F21C}.Release|x86.ActiveCfg = Release|Any CPU
		{4A67F092-0AFF-4358-B9C5-9FD06469F21C}.Release|x86.Build.0 = Release|Any CPU
		{F4B6AB74-9949-4CB7-A0D7-C7A51827394D}.Debug|Any CPU.ActiveCfg = Debug|Any CPU
		{F4B6AB74-9949-4CB7-A0D7-C7A51827394D}.Debug|Any CPU.Build.0 = Debug|Any CPU
		{F4B6AB74-9949-4CB7-A0D7-C7A51827394D}.Debug|x64.ActiveCfg = Debug|Any CPU
		{F4B6AB74-9949-4CB7-A0D7-C7A51827394D}.Debug|x64.Build.0 = Debug|Any CPU
		{F4B6AB74-9949-4CB7-A0D7-C7A51827394D}.Debug|x86.ActiveCfg = Debug|Any CPU
		{F4B6AB74-9949-4CB7-A0D7-C7A51827394D}.Debug|x86.Build.0 = Debug|Any CPU
		{F4B6AB74-9949-4CB7-A0D7-C7A51827394D}.Release|Any CPU.ActiveCfg = Release|Any CPU
		{F4B6AB74-9949-4CB7-A0D7-C7A51827394D}.Release|Any CPU.Build.0 = Release|Any CPU
		{F4B6AB74-9949-4CB7-A0D7-C7A51827394D}.Release|x64.ActiveCfg = Release|Any CPU
		{F4B6AB74-9949-4CB7-A0D7-C7A51827394D}.Release|x64.Build.0 = Release|Any CPU
		{F4B6AB74-9949-4CB7-A0D7-C7A51827394D}.Release|x86.ActiveCfg = Release|Any CPU
		{F4B6AB74-9949-4CB7-A0D7-C7A51827394D}.Release|x86.Build.0 = Release|Any CPU
		{07E9A423-1C40-4EBC-9E28-B109CCDFD770}.Debug|Any CPU.ActiveCfg = Debug|Any CPU
		{07E9A423-1C40-4EBC-9E28-B109CCDFD770}.Debug|Any CPU.Build.0 = Debug|Any CPU
		{07E9A423-1C40-4EBC-9E28-B109CCDFD770}.Debug|x64.ActiveCfg = Debug|Any CPU
		{07E9A423-1C40-4EBC-9E28-B109CCDFD770}.Debug|x64.Build.0 = Debug|Any CPU
		{07E9A423-1C40-4EBC-9E28-B109CCDFD770}.Debug|x86.ActiveCfg = Debug|Any CPU
		{07E9A423-1C40-4EBC-9E28-B109CCDFD770}.Debug|x86.Build.0 = Debug|Any CPU
		{07E9A423-1C40-4EBC-9E28-B109CCDFD770}.Release|Any CPU.ActiveCfg = Release|Any CPU
		{07E9A423-1C40-4EBC-9E28-B109CCDFD770}.Release|Any CPU.Build.0 = Release|Any CPU
		{07E9A423-1C40-4EBC-9E28-B109CCDFD770}.Release|x64.ActiveCfg = Release|Any CPU
		{07E9A423-1C40-4EBC-9E28-B109CCDFD770}.Release|x64.Build.0 = Release|Any CPU
		{07E9A423-1C40-4EBC-9E28-B109CCDFD770}.Release|x86.ActiveCfg = Release|Any CPU
		{07E9A423-1C40-4EBC-9E28-B109CCDFD770}.Release|x86.Build.0 = Release|Any CPU
		{60352223-EEDC-4C1B-ACAC-D28622D5357B}.Debug|Any CPU.ActiveCfg = Debug|Any CPU
		{60352223-EEDC-4C1B-ACAC-D28622D5357B}.Debug|Any CPU.Build.0 = Debug|Any CPU
		{60352223-EEDC-4C1B-ACAC-D28622D5357B}.Debug|x64.ActiveCfg = Debug|Any CPU
		{60352223-EEDC-4C1B-ACAC-D28622D5357B}.Debug|x64.Build.0 = Debug|Any CPU
		{60352223-EEDC-4C1B-ACAC-D28622D5357B}.Debug|x86.ActiveCfg = Debug|Any CPU
		{60352223-EEDC-4C1B-ACAC-D28622D5357B}.Debug|x86.Build.0 = Debug|Any CPU
		{60352223-EEDC-4C1B-ACAC-D28622D5357B}.Release|Any CPU.ActiveCfg = Release|Any CPU
		{60352223-EEDC-4C1B-ACAC-D28622D5357B}.Release|Any CPU.Build.0 = Release|Any CPU
		{60352223-EEDC-4C1B-ACAC-D28622D5357B}.Release|x64.ActiveCfg = Release|Any CPU
		{60352223-EEDC-4C1B-ACAC-D28622D5357B}.Release|x64.Build.0 = Release|Any CPU
		{60352223-EEDC-4C1B-ACAC-D28622D5357B}.Release|x86.ActiveCfg = Release|Any CPU
		{60352223-EEDC-4C1B-ACAC-D28622D5357B}.Release|x86.Build.0 = Release|Any CPU
		{3E4C7202-8D87-4A52-A50A-0F0CC62BA70B}.Debug|Any CPU.ActiveCfg = Debug|Any CPU
		{3E4C7202-8D87-4A52-A50A-0F0CC62BA70B}.Debug|Any CPU.Build.0 = Debug|Any CPU
		{3E4C7202-8D87-4A52-A50A-0F0CC62BA70B}.Debug|x64.ActiveCfg = Debug|Any CPU
		{3E4C7202-8D87-4A52-A50A-0F0CC62BA70B}.Debug|x64.Build.0 = Debug|Any CPU
		{3E4C7202-8D87-4A52-A50A-0F0CC62BA70B}.Debug|x86.ActiveCfg = Debug|Any CPU
		{3E4C7202-8D87-4A52-A50A-0F0CC62BA70B}.Debug|x86.Build.0 = Debug|Any CPU
		{3E4C7202-8D87-4A52-A50A-0F0CC62BA70B}.Release|Any CPU.ActiveCfg = Release|Any CPU
		{3E4C7202-8D87-4A52-A50A-0F0CC62BA70B}.Release|Any CPU.Build.0 = Release|Any CPU
		{3E4C7202-8D87-4A52-A50A-0F0CC62BA70B}.Release|x64.ActiveCfg = Release|Any CPU
		{3E4C7202-8D87-4A52-A50A-0F0CC62BA70B}.Release|x64.Build.0 = Release|Any CPU
		{3E4C7202-8D87-4A52-A50A-0F0CC62BA70B}.Release|x86.ActiveCfg = Release|Any CPU
		{3E4C7202-8D87-4A52-A50A-0F0CC62BA70B}.Release|x86.Build.0 = Release|Any CPU
		{0163D2DA-3B69-46CC-AF1D-D9C6C2E5FB56}.Debug|Any CPU.ActiveCfg = Debug|Any CPU
		{0163D2DA-3B69-46CC-AF1D-D9C6C2E5FB56}.Debug|Any CPU.Build.0 = Debug|Any CPU
		{0163D2DA-3B69-46CC-AF1D-D9C6C2E5FB56}.Debug|x64.ActiveCfg = Debug|Any CPU
		{0163D2DA-3B69-46CC-AF1D-D9C6C2E5FB56}.Debug|x64.Build.0 = Debug|Any CPU
		{0163D2DA-3B69-46CC-AF1D-D9C6C2E5FB56}.Debug|x86.ActiveCfg = Debug|Any CPU
		{0163D2DA-3B69-46CC-AF1D-D9C6C2E5FB56}.Debug|x86.Build.0 = Debug|Any CPU
		{0163D2DA-3B69-46CC-AF1D-D9C6C2E5FB56}.Release|Any CPU.ActiveCfg = Release|Any CPU
		{0163D2DA-3B69-46CC-AF1D-D9C6C2E5FB56}.Release|Any CPU.Build.0 = Release|Any CPU
		{0163D2DA-3B69-46CC-AF1D-D9C6C2E5FB56}.Release|x64.ActiveCfg = Release|Any CPU
		{0163D2DA-3B69-46CC-AF1D-D9C6C2E5FB56}.Release|x64.Build.0 = Release|Any CPU
		{0163D2DA-3B69-46CC-AF1D-D9C6C2E5FB56}.Release|x86.ActiveCfg = Release|Any CPU
		{0163D2DA-3B69-46CC-AF1D-D9C6C2E5FB56}.Release|x86.Build.0 = Release|Any CPU
		{CD4BBC89-40DA-498B-832F-14B8E2AFD178}.Debug|Any CPU.ActiveCfg = Debug|Any CPU
		{CD4BBC89-40DA-498B-832F-14B8E2AFD178}.Debug|Any CPU.Build.0 = Debug|Any CPU
		{CD4BBC89-40DA-498B-832F-14B8E2AFD178}.Debug|x64.ActiveCfg = Debug|Any CPU
		{CD4BBC89-40DA-498B-832F-14B8E2AFD178}.Debug|x64.Build.0 = Debug|Any CPU
		{CD4BBC89-40DA-498B-832F-14B8E2AFD178}.Debug|x86.ActiveCfg = Debug|Any CPU
		{CD4BBC89-40DA-498B-832F-14B8E2AFD178}.Debug|x86.Build.0 = Debug|Any CPU
		{CD4BBC89-40DA-498B-832F-14B8E2AFD178}.Release|Any CPU.ActiveCfg = Release|Any CPU
		{CD4BBC89-40DA-498B-832F-14B8E2AFD178}.Release|Any CPU.Build.0 = Release|Any CPU
		{CD4BBC89-40DA-498B-832F-14B8E2AFD178}.Release|x64.ActiveCfg = Release|Any CPU
		{CD4BBC89-40DA-498B-832F-14B8E2AFD178}.Release|x64.Build.0 = Release|Any CPU
		{CD4BBC89-40DA-498B-832F-14B8E2AFD178}.Release|x86.ActiveCfg = Release|Any CPU
		{CD4BBC89-40DA-498B-832F-14B8E2AFD178}.Release|x86.Build.0 = Release|Any CPU
		{607F7F15-0A1F-43E1-ADEE-ECC4ECDF4924}.Debug|Any CPU.ActiveCfg = Debug|Any CPU
		{607F7F15-0A1F-43E1-ADEE-ECC4ECDF4924}.Debug|Any CPU.Build.0 = Debug|Any CPU
		{607F7F15-0A1F-43E1-ADEE-ECC4ECDF4924}.Debug|x64.ActiveCfg = Debug|Any CPU
		{607F7F15-0A1F-43E1-ADEE-ECC4ECDF4924}.Debug|x64.Build.0 = Debug|Any CPU
		{607F7F15-0A1F-43E1-ADEE-ECC4ECDF4924}.Debug|x86.ActiveCfg = Debug|Any CPU
		{607F7F15-0A1F-43E1-ADEE-ECC4ECDF4924}.Debug|x86.Build.0 = Debug|Any CPU
		{607F7F15-0A1F-43E1-ADEE-ECC4ECDF4924}.Release|Any CPU.ActiveCfg = Release|Any CPU
		{607F7F15-0A1F-43E1-ADEE-ECC4ECDF4924}.Release|Any CPU.Build.0 = Release|Any CPU
		{607F7F15-0A1F-43E1-ADEE-ECC4ECDF4924}.Release|x64.ActiveCfg = Release|Any CPU
		{607F7F15-0A1F-43E1-ADEE-ECC4ECDF4924}.Release|x64.Build.0 = Release|Any CPU
		{607F7F15-0A1F-43E1-ADEE-ECC4ECDF4924}.Release|x86.ActiveCfg = Release|Any CPU
		{607F7F15-0A1F-43E1-ADEE-ECC4ECDF4924}.Release|x86.Build.0 = Release|Any CPU
		{F13FD688-603D-4F3E-A17C-7BE7B7D68E19}.Debug|Any CPU.ActiveCfg = Debug|Any CPU
		{F13FD688-603D-4F3E-A17C-7BE7B7D68E19}.Debug|Any CPU.Build.0 = Debug|Any CPU
		{F13FD688-603D-4F3E-A17C-7BE7B7D68E19}.Debug|x64.ActiveCfg = Debug|Any CPU
		{F13FD688-603D-4F3E-A17C-7BE7B7D68E19}.Debug|x64.Build.0 = Debug|Any CPU
		{F13FD688-603D-4F3E-A17C-7BE7B7D68E19}.Debug|x86.ActiveCfg = Debug|Any CPU
		{F13FD688-603D-4F3E-A17C-7BE7B7D68E19}.Debug|x86.Build.0 = Debug|Any CPU
		{F13FD688-603D-4F3E-A17C-7BE7B7D68E19}.Release|Any CPU.ActiveCfg = Release|Any CPU
		{F13FD688-603D-4F3E-A17C-7BE7B7D68E19}.Release|Any CPU.Build.0 = Release|Any CPU
		{F13FD688-603D-4F3E-A17C-7BE7B7D68E19}.Release|x64.ActiveCfg = Release|Any CPU
		{F13FD688-603D-4F3E-A17C-7BE7B7D68E19}.Release|x64.Build.0 = Release|Any CPU
		{F13FD688-603D-4F3E-A17C-7BE7B7D68E19}.Release|x86.ActiveCfg = Release|Any CPU
		{F13FD688-603D-4F3E-A17C-7BE7B7D68E19}.Release|x86.Build.0 = Release|Any CPU
		{8E0509C3-90FA-407F-BF32-C317A854F750}.Debug|Any CPU.ActiveCfg = Debug|Any CPU
		{8E0509C3-90FA-407F-BF32-C317A854F750}.Debug|Any CPU.Build.0 = Debug|Any CPU
		{8E0509C3-90FA-407F-BF32-C317A854F750}.Debug|x64.ActiveCfg = Debug|Any CPU
		{8E0509C3-90FA-407F-BF32-C317A854F750}.Debug|x64.Build.0 = Debug|Any CPU
		{8E0509C3-90FA-407F-BF32-C317A854F750}.Debug|x86.ActiveCfg = Debug|Any CPU
		{8E0509C3-90FA-407F-BF32-C317A854F750}.Debug|x86.Build.0 = Debug|Any CPU
		{8E0509C3-90FA-407F-BF32-C317A854F750}.Release|Any CPU.ActiveCfg = Release|Any CPU
		{8E0509C3-90FA-407F-BF32-C317A854F750}.Release|Any CPU.Build.0 = Release|Any CPU
		{8E0509C3-90FA-407F-BF32-C317A854F750}.Release|x64.ActiveCfg = Release|Any CPU
		{8E0509C3-90FA-407F-BF32-C317A854F750}.Release|x64.Build.0 = Release|Any CPU
		{8E0509C3-90FA-407F-BF32-C317A854F750}.Release|x86.ActiveCfg = Release|Any CPU
		{8E0509C3-90FA-407F-BF32-C317A854F750}.Release|x86.Build.0 = Release|Any CPU
		{ED1921D8-DC37-4F85-9959-4DE4885769BF}.Debug|Any CPU.ActiveCfg = Debug|Any CPU
		{ED1921D8-DC37-4F85-9959-4DE4885769BF}.Debug|Any CPU.Build.0 = Debug|Any CPU
		{ED1921D8-DC37-4F85-9959-4DE4885769BF}.Debug|x64.ActiveCfg = Debug|Any CPU
		{ED1921D8-DC37-4F85-9959-4DE4885769BF}.Debug|x64.Build.0 = Debug|Any CPU
		{ED1921D8-DC37-4F85-9959-4DE4885769BF}.Debug|x86.ActiveCfg = Debug|Any CPU
		{ED1921D8-DC37-4F85-9959-4DE4885769BF}.Debug|x86.Build.0 = Debug|Any CPU
		{ED1921D8-DC37-4F85-9959-4DE4885769BF}.Release|Any CPU.ActiveCfg = Release|Any CPU
		{ED1921D8-DC37-4F85-9959-4DE4885769BF}.Release|Any CPU.Build.0 = Release|Any CPU
		{ED1921D8-DC37-4F85-9959-4DE4885769BF}.Release|x64.ActiveCfg = Release|Any CPU
		{ED1921D8-DC37-4F85-9959-4DE4885769BF}.Release|x64.Build.0 = Release|Any CPU
		{ED1921D8-DC37-4F85-9959-4DE4885769BF}.Release|x86.ActiveCfg = Release|Any CPU
		{ED1921D8-DC37-4F85-9959-4DE4885769BF}.Release|x86.Build.0 = Release|Any CPU
		{813868CE-1951-4F2F-B825-FDE3A6261749}.Debug|Any CPU.ActiveCfg = Debug|Any CPU
		{813868CE-1951-4F2F-B825-FDE3A6261749}.Debug|Any CPU.Build.0 = Debug|Any CPU
		{813868CE-1951-4F2F-B825-FDE3A6261749}.Debug|x64.ActiveCfg = Debug|Any CPU
		{813868CE-1951-4F2F-B825-FDE3A6261749}.Debug|x64.Build.0 = Debug|Any CPU
		{813868CE-1951-4F2F-B825-FDE3A6261749}.Debug|x86.ActiveCfg = Debug|Any CPU
		{813868CE-1951-4F2F-B825-FDE3A6261749}.Debug|x86.Build.0 = Debug|Any CPU
		{813868CE-1951-4F2F-B825-FDE3A6261749}.Release|Any CPU.ActiveCfg = Release|Any CPU
		{813868CE-1951-4F2F-B825-FDE3A6261749}.Release|Any CPU.Build.0 = Release|Any CPU
		{813868CE-1951-4F2F-B825-FDE3A6261749}.Release|x64.ActiveCfg = Release|Any CPU
		{813868CE-1951-4F2F-B825-FDE3A6261749}.Release|x64.Build.0 = Release|Any CPU
		{813868CE-1951-4F2F-B825-FDE3A6261749}.Release|x86.ActiveCfg = Release|Any CPU
		{813868CE-1951-4F2F-B825-FDE3A6261749}.Release|x86.Build.0 = Release|Any CPU
		{3543A566-A752-4DF9-84BD-1DFDF817271E}.Debug|Any CPU.ActiveCfg = Debug|Any CPU
		{3543A566-A752-4DF9-84BD-1DFDF817271E}.Debug|Any CPU.Build.0 = Debug|Any CPU
		{3543A566-A752-4DF9-84BD-1DFDF817271E}.Debug|x64.ActiveCfg = Debug|Any CPU
		{3543A566-A752-4DF9-84BD-1DFDF817271E}.Debug|x64.Build.0 = Debug|Any CPU
		{3543A566-A752-4DF9-84BD-1DFDF817271E}.Debug|x86.ActiveCfg = Debug|Any CPU
		{3543A566-A752-4DF9-84BD-1DFDF817271E}.Debug|x86.Build.0 = Debug|Any CPU
		{3543A566-A752-4DF9-84BD-1DFDF817271E}.Release|Any CPU.ActiveCfg = Release|Any CPU
		{3543A566-A752-4DF9-84BD-1DFDF817271E}.Release|Any CPU.Build.0 = Release|Any CPU
		{3543A566-A752-4DF9-84BD-1DFDF817271E}.Release|x64.ActiveCfg = Release|Any CPU
		{3543A566-A752-4DF9-84BD-1DFDF817271E}.Release|x64.Build.0 = Release|Any CPU
		{3543A566-A752-4DF9-84BD-1DFDF817271E}.Release|x86.ActiveCfg = Release|Any CPU
		{3543A566-A752-4DF9-84BD-1DFDF817271E}.Release|x86.Build.0 = Release|Any CPU
		{2E9A5408-A6A9-47F4-A18A-BCA57728E6A7}.Debug|Any CPU.ActiveCfg = Debug|Any CPU
		{2E9A5408-A6A9-47F4-A18A-BCA57728E6A7}.Debug|Any CPU.Build.0 = Debug|Any CPU
		{2E9A5408-A6A9-47F4-A18A-BCA57728E6A7}.Debug|x64.ActiveCfg = Debug|Any CPU
		{2E9A5408-A6A9-47F4-A18A-BCA57728E6A7}.Debug|x64.Build.0 = Debug|Any CPU
		{2E9A5408-A6A9-47F4-A18A-BCA57728E6A7}.Debug|x86.ActiveCfg = Debug|Any CPU
		{2E9A5408-A6A9-47F4-A18A-BCA57728E6A7}.Debug|x86.Build.0 = Debug|Any CPU
		{2E9A5408-A6A9-47F4-A18A-BCA57728E6A7}.Release|Any CPU.ActiveCfg = Release|Any CPU
		{2E9A5408-A6A9-47F4-A18A-BCA57728E6A7}.Release|Any CPU.Build.0 = Release|Any CPU
		{2E9A5408-A6A9-47F4-A18A-BCA57728E6A7}.Release|x64.ActiveCfg = Release|Any CPU
		{2E9A5408-A6A9-47F4-A18A-BCA57728E6A7}.Release|x64.Build.0 = Release|Any CPU
		{2E9A5408-A6A9-47F4-A18A-BCA57728E6A7}.Release|x86.ActiveCfg = Release|Any CPU
		{2E9A5408-A6A9-47F4-A18A-BCA57728E6A7}.Release|x86.Build.0 = Release|Any CPU
		{C78F9978-5BD1-4823-93C1-68FC46EEC718}.Debug|Any CPU.ActiveCfg = Debug|Any CPU
		{C78F9978-5BD1-4823-93C1-68FC46EEC718}.Debug|Any CPU.Build.0 = Debug|Any CPU
		{C78F9978-5BD1-4823-93C1-68FC46EEC718}.Debug|x64.ActiveCfg = Debug|Any CPU
		{C78F9978-5BD1-4823-93C1-68FC46EEC718}.Debug|x64.Build.0 = Debug|Any CPU
		{C78F9978-5BD1-4823-93C1-68FC46EEC718}.Debug|x86.ActiveCfg = Debug|Any CPU
		{C78F9978-5BD1-4823-93C1-68FC46EEC718}.Debug|x86.Build.0 = Debug|Any CPU
		{C78F9978-5BD1-4823-93C1-68FC46EEC718}.Release|Any CPU.ActiveCfg = Release|Any CPU
		{C78F9978-5BD1-4823-93C1-68FC46EEC718}.Release|Any CPU.Build.0 = Release|Any CPU
		{C78F9978-5BD1-4823-93C1-68FC46EEC718}.Release|x64.ActiveCfg = Release|Any CPU
		{C78F9978-5BD1-4823-93C1-68FC46EEC718}.Release|x64.Build.0 = Release|Any CPU
		{C78F9978-5BD1-4823-93C1-68FC46EEC718}.Release|x86.ActiveCfg = Release|Any CPU
		{C78F9978-5BD1-4823-93C1-68FC46EEC718}.Release|x86.Build.0 = Release|Any CPU
		{E5CE2C84-D92D-4351-9876-318C34A98209}.Debug|Any CPU.ActiveCfg = Debug|Any CPU
		{E5CE2C84-D92D-4351-9876-318C34A98209}.Debug|Any CPU.Build.0 = Debug|Any CPU
		{E5CE2C84-D92D-4351-9876-318C34A98209}.Debug|x64.ActiveCfg = Debug|Any CPU
		{E5CE2C84-D92D-4351-9876-318C34A98209}.Debug|x64.Build.0 = Debug|Any CPU
		{E5CE2C84-D92D-4351-9876-318C34A98209}.Debug|x86.ActiveCfg = Debug|Any CPU
		{E5CE2C84-D92D-4351-9876-318C34A98209}.Debug|x86.Build.0 = Debug|Any CPU
		{E5CE2C84-D92D-4351-9876-318C34A98209}.Release|Any CPU.ActiveCfg = Release|Any CPU
		{E5CE2C84-D92D-4351-9876-318C34A98209}.Release|Any CPU.Build.0 = Release|Any CPU
		{E5CE2C84-D92D-4351-9876-318C34A98209}.Release|x64.ActiveCfg = Release|Any CPU
		{E5CE2C84-D92D-4351-9876-318C34A98209}.Release|x64.Build.0 = Release|Any CPU
		{E5CE2C84-D92D-4351-9876-318C34A98209}.Release|x86.ActiveCfg = Release|Any CPU
		{E5CE2C84-D92D-4351-9876-318C34A98209}.Release|x86.Build.0 = Release|Any CPU
		{8DE57CD3-EAAA-45E7-8710-5828C8099771}.Debug|Any CPU.ActiveCfg = Debug|Any CPU
		{8DE57CD3-EAAA-45E7-8710-5828C8099771}.Debug|Any CPU.Build.0 = Debug|Any CPU
		{8DE57CD3-EAAA-45E7-8710-5828C8099771}.Debug|x64.ActiveCfg = Debug|Any CPU
		{8DE57CD3-EAAA-45E7-8710-5828C8099771}.Debug|x64.Build.0 = Debug|Any CPU
		{8DE57CD3-EAAA-45E7-8710-5828C8099771}.Debug|x86.ActiveCfg = Debug|Any CPU
		{8DE57CD3-EAAA-45E7-8710-5828C8099771}.Debug|x86.Build.0 = Debug|Any CPU
		{8DE57CD3-EAAA-45E7-8710-5828C8099771}.Release|Any CPU.ActiveCfg = Release|Any CPU
		{8DE57CD3-EAAA-45E7-8710-5828C8099771}.Release|Any CPU.Build.0 = Release|Any CPU
		{8DE57CD3-EAAA-45E7-8710-5828C8099771}.Release|x64.ActiveCfg = Release|Any CPU
		{8DE57CD3-EAAA-45E7-8710-5828C8099771}.Release|x64.Build.0 = Release|Any CPU
		{8DE57CD3-EAAA-45E7-8710-5828C8099771}.Release|x86.ActiveCfg = Release|Any CPU
		{8DE57CD3-EAAA-45E7-8710-5828C8099771}.Release|x86.Build.0 = Release|Any CPU
		{554E6E10-0535-4416-9525-BA33E3EB5BB0}.Debug|Any CPU.ActiveCfg = Debug|Any CPU
		{554E6E10-0535-4416-9525-BA33E3EB5BB0}.Debug|Any CPU.Build.0 = Debug|Any CPU
		{554E6E10-0535-4416-9525-BA33E3EB5BB0}.Debug|x64.ActiveCfg = Debug|Any CPU
		{554E6E10-0535-4416-9525-BA33E3EB5BB0}.Debug|x64.Build.0 = Debug|Any CPU
		{554E6E10-0535-4416-9525-BA33E3EB5BB0}.Debug|x86.ActiveCfg = Debug|Any CPU
		{554E6E10-0535-4416-9525-BA33E3EB5BB0}.Debug|x86.Build.0 = Debug|Any CPU
		{554E6E10-0535-4416-9525-BA33E3EB5BB0}.Release|Any CPU.ActiveCfg = Release|Any CPU
		{554E6E10-0535-4416-9525-BA33E3EB5BB0}.Release|Any CPU.Build.0 = Release|Any CPU
		{554E6E10-0535-4416-9525-BA33E3EB5BB0}.Release|x64.ActiveCfg = Release|Any CPU
		{554E6E10-0535-4416-9525-BA33E3EB5BB0}.Release|x64.Build.0 = Release|Any CPU
		{554E6E10-0535-4416-9525-BA33E3EB5BB0}.Release|x86.ActiveCfg = Release|Any CPU
		{554E6E10-0535-4416-9525-BA33E3EB5BB0}.Release|x86.Build.0 = Release|Any CPU
		{BC24883F-0B4A-4A01-A6ED-50154B15C298}.Debug|Any CPU.ActiveCfg = Debug|Any CPU
		{BC24883F-0B4A-4A01-A6ED-50154B15C298}.Debug|Any CPU.Build.0 = Debug|Any CPU
		{BC24883F-0B4A-4A01-A6ED-50154B15C298}.Debug|x64.ActiveCfg = Debug|Any CPU
		{BC24883F-0B4A-4A01-A6ED-50154B15C298}.Debug|x64.Build.0 = Debug|Any CPU
		{BC24883F-0B4A-4A01-A6ED-50154B15C298}.Debug|x86.ActiveCfg = Debug|Any CPU
		{BC24883F-0B4A-4A01-A6ED-50154B15C298}.Debug|x86.Build.0 = Debug|Any CPU
		{BC24883F-0B4A-4A01-A6ED-50154B15C298}.Release|Any CPU.ActiveCfg = Release|Any CPU
		{BC24883F-0B4A-4A01-A6ED-50154B15C298}.Release|Any CPU.Build.0 = Release|Any CPU
		{BC24883F-0B4A-4A01-A6ED-50154B15C298}.Release|x64.ActiveCfg = Release|Any CPU
		{BC24883F-0B4A-4A01-A6ED-50154B15C298}.Release|x64.Build.0 = Release|Any CPU
		{BC24883F-0B4A-4A01-A6ED-50154B15C298}.Release|x86.ActiveCfg = Release|Any CPU
		{BC24883F-0B4A-4A01-A6ED-50154B15C298}.Release|x86.Build.0 = Release|Any CPU
		{0436A84B-1BEC-4DAE-96C4-5D91DE57C4F6}.Debug|Any CPU.ActiveCfg = Debug|Any CPU
		{0436A84B-1BEC-4DAE-96C4-5D91DE57C4F6}.Debug|Any CPU.Build.0 = Debug|Any CPU
		{0436A84B-1BEC-4DAE-96C4-5D91DE57C4F6}.Debug|x64.ActiveCfg = Debug|Any CPU
		{0436A84B-1BEC-4DAE-96C4-5D91DE57C4F6}.Debug|x64.Build.0 = Debug|Any CPU
		{0436A84B-1BEC-4DAE-96C4-5D91DE57C4F6}.Debug|x86.ActiveCfg = Debug|Any CPU
		{0436A84B-1BEC-4DAE-96C4-5D91DE57C4F6}.Debug|x86.Build.0 = Debug|Any CPU
		{0436A84B-1BEC-4DAE-96C4-5D91DE57C4F6}.Release|Any CPU.ActiveCfg = Release|Any CPU
		{0436A84B-1BEC-4DAE-96C4-5D91DE57C4F6}.Release|Any CPU.Build.0 = Release|Any CPU
		{0436A84B-1BEC-4DAE-96C4-5D91DE57C4F6}.Release|x64.ActiveCfg = Release|Any CPU
		{0436A84B-1BEC-4DAE-96C4-5D91DE57C4F6}.Release|x64.Build.0 = Release|Any CPU
		{0436A84B-1BEC-4DAE-96C4-5D91DE57C4F6}.Release|x86.ActiveCfg = Release|Any CPU
		{0436A84B-1BEC-4DAE-96C4-5D91DE57C4F6}.Release|x86.Build.0 = Release|Any CPU
		{A4A7ACD3-A14A-4DD5-B45F-B0257F439B60}.Debug|Any CPU.ActiveCfg = Debug|Any CPU
		{A4A7ACD3-A14A-4DD5-B45F-B0257F439B60}.Debug|Any CPU.Build.0 = Debug|Any CPU
		{A4A7ACD3-A14A-4DD5-B45F-B0257F439B60}.Debug|x64.ActiveCfg = Debug|Any CPU
		{A4A7ACD3-A14A-4DD5-B45F-B0257F439B60}.Debug|x64.Build.0 = Debug|Any CPU
		{A4A7ACD3-A14A-4DD5-B45F-B0257F439B60}.Debug|x86.ActiveCfg = Debug|Any CPU
		{A4A7ACD3-A14A-4DD5-B45F-B0257F439B60}.Debug|x86.Build.0 = Debug|Any CPU
		{A4A7ACD3-A14A-4DD5-B45F-B0257F439B60}.Release|Any CPU.ActiveCfg = Release|Any CPU
		{A4A7ACD3-A14A-4DD5-B45F-B0257F439B60}.Release|Any CPU.Build.0 = Release|Any CPU
		{A4A7ACD3-A14A-4DD5-B45F-B0257F439B60}.Release|x64.ActiveCfg = Release|Any CPU
		{A4A7ACD3-A14A-4DD5-B45F-B0257F439B60}.Release|x64.Build.0 = Release|Any CPU
		{A4A7ACD3-A14A-4DD5-B45F-B0257F439B60}.Release|x86.ActiveCfg = Release|Any CPU
		{A4A7ACD3-A14A-4DD5-B45F-B0257F439B60}.Release|x86.Build.0 = Release|Any CPU
		{D694B088-C853-4A7A-AC05-4A0722067462}.Debug|Any CPU.ActiveCfg = Debug|Any CPU
		{D694B088-C853-4A7A-AC05-4A0722067462}.Debug|Any CPU.Build.0 = Debug|Any CPU
		{D694B088-C853-4A7A-AC05-4A0722067462}.Debug|x64.ActiveCfg = Debug|Any CPU
		{D694B088-C853-4A7A-AC05-4A0722067462}.Debug|x64.Build.0 = Debug|Any CPU
		{D694B088-C853-4A7A-AC05-4A0722067462}.Debug|x86.ActiveCfg = Debug|Any CPU
		{D694B088-C853-4A7A-AC05-4A0722067462}.Debug|x86.Build.0 = Debug|Any CPU
		{D694B088-C853-4A7A-AC05-4A0722067462}.Release|Any CPU.ActiveCfg = Release|Any CPU
		{D694B088-C853-4A7A-AC05-4A0722067462}.Release|Any CPU.Build.0 = Release|Any CPU
		{D694B088-C853-4A7A-AC05-4A0722067462}.Release|x64.ActiveCfg = Release|Any CPU
		{D694B088-C853-4A7A-AC05-4A0722067462}.Release|x64.Build.0 = Release|Any CPU
		{D694B088-C853-4A7A-AC05-4A0722067462}.Release|x86.ActiveCfg = Release|Any CPU
		{D694B088-C853-4A7A-AC05-4A0722067462}.Release|x86.Build.0 = Release|Any CPU
		{A0270914-B019-4C8B-912C-7207224FBED1}.Debug|Any CPU.ActiveCfg = Debug|Any CPU
		{A0270914-B019-4C8B-912C-7207224FBED1}.Debug|Any CPU.Build.0 = Debug|Any CPU
		{A0270914-B019-4C8B-912C-7207224FBED1}.Debug|x64.ActiveCfg = Debug|Any CPU
		{A0270914-B019-4C8B-912C-7207224FBED1}.Debug|x64.Build.0 = Debug|Any CPU
		{A0270914-B019-4C8B-912C-7207224FBED1}.Debug|x86.ActiveCfg = Debug|Any CPU
		{A0270914-B019-4C8B-912C-7207224FBED1}.Debug|x86.Build.0 = Debug|Any CPU
		{A0270914-B019-4C8B-912C-7207224FBED1}.Release|Any CPU.ActiveCfg = Release|Any CPU
		{A0270914-B019-4C8B-912C-7207224FBED1}.Release|Any CPU.Build.0 = Release|Any CPU
		{A0270914-B019-4C8B-912C-7207224FBED1}.Release|x64.ActiveCfg = Release|Any CPU
		{A0270914-B019-4C8B-912C-7207224FBED1}.Release|x64.Build.0 = Release|Any CPU
		{A0270914-B019-4C8B-912C-7207224FBED1}.Release|x86.ActiveCfg = Release|Any CPU
		{A0270914-B019-4C8B-912C-7207224FBED1}.Release|x86.Build.0 = Release|Any CPU
		{152BE878-0DB8-4E95-84BB-B7476BA12E42}.Debug|Any CPU.ActiveCfg = Debug|Any CPU
		{152BE878-0DB8-4E95-84BB-B7476BA12E42}.Debug|Any CPU.Build.0 = Debug|Any CPU
		{152BE878-0DB8-4E95-84BB-B7476BA12E42}.Debug|x64.ActiveCfg = Debug|Any CPU
		{152BE878-0DB8-4E95-84BB-B7476BA12E42}.Debug|x64.Build.0 = Debug|Any CPU
		{152BE878-0DB8-4E95-84BB-B7476BA12E42}.Debug|x86.ActiveCfg = Debug|Any CPU
		{152BE878-0DB8-4E95-84BB-B7476BA12E42}.Debug|x86.Build.0 = Debug|Any CPU
		{152BE878-0DB8-4E95-84BB-B7476BA12E42}.Release|Any CPU.ActiveCfg = Release|Any CPU
		{152BE878-0DB8-4E95-84BB-B7476BA12E42}.Release|Any CPU.Build.0 = Release|Any CPU
		{152BE878-0DB8-4E95-84BB-B7476BA12E42}.Release|x64.ActiveCfg = Release|Any CPU
		{152BE878-0DB8-4E95-84BB-B7476BA12E42}.Release|x64.Build.0 = Release|Any CPU
		{152BE878-0DB8-4E95-84BB-B7476BA12E42}.Release|x86.ActiveCfg = Release|Any CPU
		{152BE878-0DB8-4E95-84BB-B7476BA12E42}.Release|x86.Build.0 = Release|Any CPU
		{1325AEC6-B858-4EB4-BDA2-24E0FF13D109}.Debug|Any CPU.ActiveCfg = Debug|Any CPU
		{1325AEC6-B858-4EB4-BDA2-24E0FF13D109}.Debug|Any CPU.Build.0 = Debug|Any CPU
		{1325AEC6-B858-4EB4-BDA2-24E0FF13D109}.Debug|x64.ActiveCfg = Debug|Any CPU
		{1325AEC6-B858-4EB4-BDA2-24E0FF13D109}.Debug|x64.Build.0 = Debug|Any CPU
		{1325AEC6-B858-4EB4-BDA2-24E0FF13D109}.Debug|x86.ActiveCfg = Debug|Any CPU
		{1325AEC6-B858-4EB4-BDA2-24E0FF13D109}.Debug|x86.Build.0 = Debug|Any CPU
		{1325AEC6-B858-4EB4-BDA2-24E0FF13D109}.Release|Any CPU.ActiveCfg = Release|Any CPU
		{1325AEC6-B858-4EB4-BDA2-24E0FF13D109}.Release|Any CPU.Build.0 = Release|Any CPU
		{1325AEC6-B858-4EB4-BDA2-24E0FF13D109}.Release|x64.ActiveCfg = Release|Any CPU
		{1325AEC6-B858-4EB4-BDA2-24E0FF13D109}.Release|x64.Build.0 = Release|Any CPU
		{1325AEC6-B858-4EB4-BDA2-24E0FF13D109}.Release|x86.ActiveCfg = Release|Any CPU
		{1325AEC6-B858-4EB4-BDA2-24E0FF13D109}.Release|x86.Build.0 = Release|Any CPU
		{7765D099-FB8C-4707-8C95-8C5AEC91E5D0}.Debug|Any CPU.ActiveCfg = Debug|Any CPU
		{7765D099-FB8C-4707-8C95-8C5AEC91E5D0}.Debug|Any CPU.Build.0 = Debug|Any CPU
		{7765D099-FB8C-4707-8C95-8C5AEC91E5D0}.Debug|x64.ActiveCfg = Debug|Any CPU
		{7765D099-FB8C-4707-8C95-8C5AEC91E5D0}.Debug|x64.Build.0 = Debug|Any CPU
		{7765D099-FB8C-4707-8C95-8C5AEC91E5D0}.Debug|x86.ActiveCfg = Debug|Any CPU
		{7765D099-FB8C-4707-8C95-8C5AEC91E5D0}.Debug|x86.Build.0 = Debug|Any CPU
		{7765D099-FB8C-4707-8C95-8C5AEC91E5D0}.Release|Any CPU.ActiveCfg = Release|Any CPU
		{7765D099-FB8C-4707-8C95-8C5AEC91E5D0}.Release|Any CPU.Build.0 = Release|Any CPU
		{7765D099-FB8C-4707-8C95-8C5AEC91E5D0}.Release|x64.ActiveCfg = Release|Any CPU
		{7765D099-FB8C-4707-8C95-8C5AEC91E5D0}.Release|x64.Build.0 = Release|Any CPU
		{7765D099-FB8C-4707-8C95-8C5AEC91E5D0}.Release|x86.ActiveCfg = Release|Any CPU
		{7765D099-FB8C-4707-8C95-8C5AEC91E5D0}.Release|x86.Build.0 = Release|Any CPU
		{2B6D82A7-3C3A-49C5-9C00-A92CFAECCE0D}.Debug|Any CPU.ActiveCfg = Debug|Any CPU
		{2B6D82A7-3C3A-49C5-9C00-A92CFAECCE0D}.Debug|Any CPU.Build.0 = Debug|Any CPU
		{2B6D82A7-3C3A-49C5-9C00-A92CFAECCE0D}.Debug|x64.ActiveCfg = Debug|Any CPU
		{2B6D82A7-3C3A-49C5-9C00-A92CFAECCE0D}.Debug|x64.Build.0 = Debug|Any CPU
		{2B6D82A7-3C3A-49C5-9C00-A92CFAECCE0D}.Debug|x86.ActiveCfg = Debug|Any CPU
		{2B6D82A7-3C3A-49C5-9C00-A92CFAECCE0D}.Debug|x86.Build.0 = Debug|Any CPU
		{2B6D82A7-3C3A-49C5-9C00-A92CFAECCE0D}.Release|Any CPU.ActiveCfg = Release|Any CPU
		{2B6D82A7-3C3A-49C5-9C00-A92CFAECCE0D}.Release|Any CPU.Build.0 = Release|Any CPU
		{2B6D82A7-3C3A-49C5-9C00-A92CFAECCE0D}.Release|x64.ActiveCfg = Release|Any CPU
		{2B6D82A7-3C3A-49C5-9C00-A92CFAECCE0D}.Release|x64.Build.0 = Release|Any CPU
		{2B6D82A7-3C3A-49C5-9C00-A92CFAECCE0D}.Release|x86.ActiveCfg = Release|Any CPU
		{2B6D82A7-3C3A-49C5-9C00-A92CFAECCE0D}.Release|x86.Build.0 = Release|Any CPU
		{E1057DB4-D09A-4D4D-BFDD-C14BDC725E58}.Debug|Any CPU.ActiveCfg = Debug|Any CPU
		{E1057DB4-D09A-4D4D-BFDD-C14BDC725E58}.Debug|Any CPU.Build.0 = Debug|Any CPU
		{E1057DB4-D09A-4D4D-BFDD-C14BDC725E58}.Debug|x64.ActiveCfg = Debug|Any CPU
		{E1057DB4-D09A-4D4D-BFDD-C14BDC725E58}.Debug|x64.Build.0 = Debug|Any CPU
		{E1057DB4-D09A-4D4D-BFDD-C14BDC725E58}.Debug|x86.ActiveCfg = Debug|Any CPU
		{E1057DB4-D09A-4D4D-BFDD-C14BDC725E58}.Debug|x86.Build.0 = Debug|Any CPU
		{E1057DB4-D09A-4D4D-BFDD-C14BDC725E58}.Release|Any CPU.ActiveCfg = Release|Any CPU
		{E1057DB4-D09A-4D4D-BFDD-C14BDC725E58}.Release|Any CPU.Build.0 = Release|Any CPU
		{E1057DB4-D09A-4D4D-BFDD-C14BDC725E58}.Release|x64.ActiveCfg = Release|Any CPU
		{E1057DB4-D09A-4D4D-BFDD-C14BDC725E58}.Release|x64.Build.0 = Release|Any CPU
		{E1057DB4-D09A-4D4D-BFDD-C14BDC725E58}.Release|x86.ActiveCfg = Release|Any CPU
		{E1057DB4-D09A-4D4D-BFDD-C14BDC725E58}.Release|x86.Build.0 = Release|Any CPU
		{3609DE86-A1DB-4070-96EB-3BD19320DDFD}.Debug|Any CPU.ActiveCfg = Debug|Any CPU
		{3609DE86-A1DB-4070-96EB-3BD19320DDFD}.Debug|Any CPU.Build.0 = Debug|Any CPU
		{3609DE86-A1DB-4070-96EB-3BD19320DDFD}.Debug|x64.ActiveCfg = Debug|Any CPU
		{3609DE86-A1DB-4070-96EB-3BD19320DDFD}.Debug|x64.Build.0 = Debug|Any CPU
		{3609DE86-A1DB-4070-96EB-3BD19320DDFD}.Debug|x86.ActiveCfg = Debug|Any CPU
		{3609DE86-A1DB-4070-96EB-3BD19320DDFD}.Debug|x86.Build.0 = Debug|Any CPU
		{3609DE86-A1DB-4070-96EB-3BD19320DDFD}.Release|Any CPU.ActiveCfg = Release|Any CPU
		{3609DE86-A1DB-4070-96EB-3BD19320DDFD}.Release|Any CPU.Build.0 = Release|Any CPU
		{3609DE86-A1DB-4070-96EB-3BD19320DDFD}.Release|x64.ActiveCfg = Release|Any CPU
		{3609DE86-A1DB-4070-96EB-3BD19320DDFD}.Release|x64.Build.0 = Release|Any CPU
		{3609DE86-A1DB-4070-96EB-3BD19320DDFD}.Release|x86.ActiveCfg = Release|Any CPU
		{3609DE86-A1DB-4070-96EB-3BD19320DDFD}.Release|x86.Build.0 = Release|Any CPU
		{865A7FC3-3E9E-46BD-9DD5-C8F328A62E62}.Debug|Any CPU.ActiveCfg = Debug|Any CPU
		{865A7FC3-3E9E-46BD-9DD5-C8F328A62E62}.Debug|Any CPU.Build.0 = Debug|Any CPU
		{865A7FC3-3E9E-46BD-9DD5-C8F328A62E62}.Debug|x64.ActiveCfg = Debug|Any CPU
		{865A7FC3-3E9E-46BD-9DD5-C8F328A62E62}.Debug|x64.Build.0 = Debug|Any CPU
		{865A7FC3-3E9E-46BD-9DD5-C8F328A62E62}.Debug|x86.ActiveCfg = Debug|Any CPU
		{865A7FC3-3E9E-46BD-9DD5-C8F328A62E62}.Debug|x86.Build.0 = Debug|Any CPU
		{865A7FC3-3E9E-46BD-9DD5-C8F328A62E62}.Release|Any CPU.ActiveCfg = Release|Any CPU
		{865A7FC3-3E9E-46BD-9DD5-C8F328A62E62}.Release|Any CPU.Build.0 = Release|Any CPU
		{865A7FC3-3E9E-46BD-9DD5-C8F328A62E62}.Release|x64.ActiveCfg = Release|Any CPU
		{865A7FC3-3E9E-46BD-9DD5-C8F328A62E62}.Release|x64.Build.0 = Release|Any CPU
		{865A7FC3-3E9E-46BD-9DD5-C8F328A62E62}.Release|x86.ActiveCfg = Release|Any CPU
		{865A7FC3-3E9E-46BD-9DD5-C8F328A62E62}.Release|x86.Build.0 = Release|Any CPU
		{CF3BBD94-CA24-4B84-B747-497806A7D21F}.Debug|Any CPU.ActiveCfg = Debug|Any CPU
		{CF3BBD94-CA24-4B84-B747-497806A7D21F}.Debug|Any CPU.Build.0 = Debug|Any CPU
		{CF3BBD94-CA24-4B84-B747-497806A7D21F}.Debug|x64.ActiveCfg = Debug|Any CPU
		{CF3BBD94-CA24-4B84-B747-497806A7D21F}.Debug|x64.Build.0 = Debug|Any CPU
		{CF3BBD94-CA24-4B84-B747-497806A7D21F}.Debug|x86.ActiveCfg = Debug|Any CPU
		{CF3BBD94-CA24-4B84-B747-497806A7D21F}.Debug|x86.Build.0 = Debug|Any CPU
		{CF3BBD94-CA24-4B84-B747-497806A7D21F}.Release|Any CPU.ActiveCfg = Release|Any CPU
		{CF3BBD94-CA24-4B84-B747-497806A7D21F}.Release|Any CPU.Build.0 = Release|Any CPU
		{CF3BBD94-CA24-4B84-B747-497806A7D21F}.Release|x64.ActiveCfg = Release|Any CPU
		{CF3BBD94-CA24-4B84-B747-497806A7D21F}.Release|x64.Build.0 = Release|Any CPU
		{CF3BBD94-CA24-4B84-B747-497806A7D21F}.Release|x86.ActiveCfg = Release|Any CPU
		{CF3BBD94-CA24-4B84-B747-497806A7D21F}.Release|x86.Build.0 = Release|Any CPU
		{99DAE3F5-0EA1-4C80-859A-8213EB243EB2}.Debug|Any CPU.ActiveCfg = Debug|Any CPU
		{99DAE3F5-0EA1-4C80-859A-8213EB243EB2}.Debug|Any CPU.Build.0 = Debug|Any CPU
		{99DAE3F5-0EA1-4C80-859A-8213EB243EB2}.Debug|x64.ActiveCfg = Debug|Any CPU
		{99DAE3F5-0EA1-4C80-859A-8213EB243EB2}.Debug|x64.Build.0 = Debug|Any CPU
		{99DAE3F5-0EA1-4C80-859A-8213EB243EB2}.Debug|x86.ActiveCfg = Debug|Any CPU
		{99DAE3F5-0EA1-4C80-859A-8213EB243EB2}.Debug|x86.Build.0 = Debug|Any CPU
		{99DAE3F5-0EA1-4C80-859A-8213EB243EB2}.Release|Any CPU.ActiveCfg = Release|Any CPU
		{99DAE3F5-0EA1-4C80-859A-8213EB243EB2}.Release|Any CPU.Build.0 = Release|Any CPU
		{99DAE3F5-0EA1-4C80-859A-8213EB243EB2}.Release|x64.ActiveCfg = Release|Any CPU
		{99DAE3F5-0EA1-4C80-859A-8213EB243EB2}.Release|x64.Build.0 = Release|Any CPU
		{99DAE3F5-0EA1-4C80-859A-8213EB243EB2}.Release|x86.ActiveCfg = Release|Any CPU
		{99DAE3F5-0EA1-4C80-859A-8213EB243EB2}.Release|x86.Build.0 = Release|Any CPU
		{B4E7BD7B-119C-4A2C-88B5-DB137B059FAA}.Debug|Any CPU.ActiveCfg = Debug|Any CPU
		{B4E7BD7B-119C-4A2C-88B5-DB137B059FAA}.Debug|Any CPU.Build.0 = Debug|Any CPU
		{B4E7BD7B-119C-4A2C-88B5-DB137B059FAA}.Debug|x64.ActiveCfg = Debug|Any CPU
		{B4E7BD7B-119C-4A2C-88B5-DB137B059FAA}.Debug|x64.Build.0 = Debug|Any CPU
		{B4E7BD7B-119C-4A2C-88B5-DB137B059FAA}.Debug|x86.ActiveCfg = Debug|Any CPU
		{B4E7BD7B-119C-4A2C-88B5-DB137B059FAA}.Debug|x86.Build.0 = Debug|Any CPU
		{B4E7BD7B-119C-4A2C-88B5-DB137B059FAA}.Release|Any CPU.ActiveCfg = Release|Any CPU
		{B4E7BD7B-119C-4A2C-88B5-DB137B059FAA}.Release|Any CPU.Build.0 = Release|Any CPU
		{B4E7BD7B-119C-4A2C-88B5-DB137B059FAA}.Release|x64.ActiveCfg = Release|Any CPU
		{B4E7BD7B-119C-4A2C-88B5-DB137B059FAA}.Release|x64.Build.0 = Release|Any CPU
		{B4E7BD7B-119C-4A2C-88B5-DB137B059FAA}.Release|x86.ActiveCfg = Release|Any CPU
		{B4E7BD7B-119C-4A2C-88B5-DB137B059FAA}.Release|x86.Build.0 = Release|Any CPU
		{C996322A-61AD-49DC-997D-C8550CFDC669}.Debug|Any CPU.ActiveCfg = Debug|Any CPU
		{C996322A-61AD-49DC-997D-C8550CFDC669}.Debug|Any CPU.Build.0 = Debug|Any CPU
		{C996322A-61AD-49DC-997D-C8550CFDC669}.Debug|x64.ActiveCfg = Debug|Any CPU
		{C996322A-61AD-49DC-997D-C8550CFDC669}.Debug|x64.Build.0 = Debug|Any CPU
		{C996322A-61AD-49DC-997D-C8550CFDC669}.Debug|x86.ActiveCfg = Debug|Any CPU
		{C996322A-61AD-49DC-997D-C8550CFDC669}.Debug|x86.Build.0 = Debug|Any CPU
		{C996322A-61AD-49DC-997D-C8550CFDC669}.Release|Any CPU.ActiveCfg = Release|Any CPU
		{C996322A-61AD-49DC-997D-C8550CFDC669}.Release|Any CPU.Build.0 = Release|Any CPU
		{C996322A-61AD-49DC-997D-C8550CFDC669}.Release|x64.ActiveCfg = Release|Any CPU
		{C996322A-61AD-49DC-997D-C8550CFDC669}.Release|x64.Build.0 = Release|Any CPU
		{C996322A-61AD-49DC-997D-C8550CFDC669}.Release|x86.ActiveCfg = Release|Any CPU
		{C996322A-61AD-49DC-997D-C8550CFDC669}.Release|x86.Build.0 = Release|Any CPU
		{5A1D2C50-BDC3-4322-B6E2-E1169C4B20A9}.Debug|Any CPU.ActiveCfg = Debug|Any CPU
		{5A1D2C50-BDC3-4322-B6E2-E1169C4B20A9}.Debug|Any CPU.Build.0 = Debug|Any CPU
		{5A1D2C50-BDC3-4322-B6E2-E1169C4B20A9}.Debug|x64.ActiveCfg = Debug|Any CPU
		{5A1D2C50-BDC3-4322-B6E2-E1169C4B20A9}.Debug|x64.Build.0 = Debug|Any CPU
		{5A1D2C50-BDC3-4322-B6E2-E1169C4B20A9}.Debug|x86.ActiveCfg = Debug|Any CPU
		{5A1D2C50-BDC3-4322-B6E2-E1169C4B20A9}.Debug|x86.Build.0 = Debug|Any CPU
		{5A1D2C50-BDC3-4322-B6E2-E1169C4B20A9}.Release|Any CPU.ActiveCfg = Release|Any CPU
		{5A1D2C50-BDC3-4322-B6E2-E1169C4B20A9}.Release|Any CPU.Build.0 = Release|Any CPU
		{5A1D2C50-BDC3-4322-B6E2-E1169C4B20A9}.Release|x64.ActiveCfg = Release|Any CPU
		{5A1D2C50-BDC3-4322-B6E2-E1169C4B20A9}.Release|x64.Build.0 = Release|Any CPU
		{5A1D2C50-BDC3-4322-B6E2-E1169C4B20A9}.Release|x86.ActiveCfg = Release|Any CPU
		{5A1D2C50-BDC3-4322-B6E2-E1169C4B20A9}.Release|x86.Build.0 = Release|Any CPU
		{8A70E596-7382-4094-B048-EBA6D9EF2CFF}.Debug|Any CPU.ActiveCfg = Debug|Any CPU
		{8A70E596-7382-4094-B048-EBA6D9EF2CFF}.Debug|Any CPU.Build.0 = Debug|Any CPU
		{8A70E596-7382-4094-B048-EBA6D9EF2CFF}.Debug|x64.ActiveCfg = Debug|Any CPU
		{8A70E596-7382-4094-B048-EBA6D9EF2CFF}.Debug|x64.Build.0 = Debug|Any CPU
		{8A70E596-7382-4094-B048-EBA6D9EF2CFF}.Debug|x86.ActiveCfg = Debug|Any CPU
		{8A70E596-7382-4094-B048-EBA6D9EF2CFF}.Debug|x86.Build.0 = Debug|Any CPU
		{8A70E596-7382-4094-B048-EBA6D9EF2CFF}.Release|Any CPU.ActiveCfg = Release|Any CPU
		{8A70E596-7382-4094-B048-EBA6D9EF2CFF}.Release|Any CPU.Build.0 = Release|Any CPU
		{8A70E596-7382-4094-B048-EBA6D9EF2CFF}.Release|x64.ActiveCfg = Release|Any CPU
		{8A70E596-7382-4094-B048-EBA6D9EF2CFF}.Release|x64.Build.0 = Release|Any CPU
		{8A70E596-7382-4094-B048-EBA6D9EF2CFF}.Release|x86.ActiveCfg = Release|Any CPU
		{8A70E596-7382-4094-B048-EBA6D9EF2CFF}.Release|x86.Build.0 = Release|Any CPU
		{ECC586BA-211A-4D60-B83B-AF8EA3943ADC}.Debug|Any CPU.ActiveCfg = Debug|Any CPU
		{ECC586BA-211A-4D60-B83B-AF8EA3943ADC}.Debug|Any CPU.Build.0 = Debug|Any CPU
		{ECC586BA-211A-4D60-B83B-AF8EA3943ADC}.Debug|x64.ActiveCfg = Debug|Any CPU
		{ECC586BA-211A-4D60-B83B-AF8EA3943ADC}.Debug|x64.Build.0 = Debug|Any CPU
		{ECC586BA-211A-4D60-B83B-AF8EA3943ADC}.Debug|x86.ActiveCfg = Debug|Any CPU
		{ECC586BA-211A-4D60-B83B-AF8EA3943ADC}.Debug|x86.Build.0 = Debug|Any CPU
		{ECC586BA-211A-4D60-B83B-AF8EA3943ADC}.Release|Any CPU.ActiveCfg = Release|Any CPU
		{ECC586BA-211A-4D60-B83B-AF8EA3943ADC}.Release|Any CPU.Build.0 = Release|Any CPU
		{ECC586BA-211A-4D60-B83B-AF8EA3943ADC}.Release|x64.ActiveCfg = Release|Any CPU
		{ECC586BA-211A-4D60-B83B-AF8EA3943ADC}.Release|x64.Build.0 = Release|Any CPU
		{ECC586BA-211A-4D60-B83B-AF8EA3943ADC}.Release|x86.ActiveCfg = Release|Any CPU
		{ECC586BA-211A-4D60-B83B-AF8EA3943ADC}.Release|x86.Build.0 = Release|Any CPU
	EndGlobalSection
	GlobalSection(SolutionProperties) = preSolution
		HideSolutionNode = FALSE
	EndGlobalSection
	GlobalSection(NestedProjects) = preSolution
		{55EFAE2F-A7CA-4917-A381-4A6EF5E79610} = {AE3FEC8E-20F1-492C-A131-3EFD0196E7A5}
		{4A67F092-0AFF-4358-B9C5-9FD06469F21C} = {96A0AEB7-ACFA-491C-8FA5-2A1BE4E8B718}
		{F4B6AB74-9949-4CB7-A0D7-C7A51827394D} = {96A0AEB7-ACFA-491C-8FA5-2A1BE4E8B718}
		{07E9A423-1C40-4EBC-9E28-B109CCDFD770} = {96A0AEB7-ACFA-491C-8FA5-2A1BE4E8B718}
		{60352223-EEDC-4C1B-ACAC-D28622D5357B} = {96A0AEB7-ACFA-491C-8FA5-2A1BE4E8B718}
		{3E4C7202-8D87-4A52-A50A-0F0CC62BA70B} = {6E25DD54-88B0-4647-9AB1-2575C5253B52}
		{0163D2DA-3B69-46CC-AF1D-D9C6C2E5FB56} = {DF33E0FB-9790-4654-B60F-8AB22E0CC3D1}
		{CD4BBC89-40DA-498B-832F-14B8E2AFD178} = {DF33E0FB-9790-4654-B60F-8AB22E0CC3D1}
		{607F7F15-0A1F-43E1-ADEE-ECC4ECDF4924} = {DF33E0FB-9790-4654-B60F-8AB22E0CC3D1}
		{F13FD688-603D-4F3E-A17C-7BE7B7D68E19} = {DF33E0FB-9790-4654-B60F-8AB22E0CC3D1}
		{8E0509C3-90FA-407F-BF32-C317A854F750} = {8FFDF555-DB50-45F9-9A2D-6410F39151C3}
		{ED1921D8-DC37-4F85-9959-4DE4885769BF} = {8FFDF555-DB50-45F9-9A2D-6410F39151C3}
		{813868CE-1951-4F2F-B825-FDE3A6261749} = {8FFDF555-DB50-45F9-9A2D-6410F39151C3}
		{3543A566-A752-4DF9-84BD-1DFDF817271E} = {8FFDF555-DB50-45F9-9A2D-6410F39151C3}
		{2E9A5408-A6A9-47F4-A18A-BCA57728E6A7} = {8FFDF555-DB50-45F9-9A2D-6410F39151C3}
		{C78F9978-5BD1-4823-93C1-68FC46EEC718} = {DF33E0FB-9790-4654-B60F-8AB22E0CC3D1}
		{E5CE2C84-D92D-4351-9876-318C34A98209} = {8FFDF555-DB50-45F9-9A2D-6410F39151C3}
		{8DE57CD3-EAAA-45E7-8710-5828C8099771} = {DF33E0FB-9790-4654-B60F-8AB22E0CC3D1}
		{554E6E10-0535-4416-9525-BA33E3EB5BB0} = {D64E763C-BDA9-4139-B324-4193FE068DA4}
		{BC24883F-0B4A-4A01-A6ED-50154B15C298} = {96A0AEB7-ACFA-491C-8FA5-2A1BE4E8B718}
		{0436A84B-1BEC-4DAE-96C4-5D91DE57C4F6} = {96A0AEB7-ACFA-491C-8FA5-2A1BE4E8B718}
		{A4A7ACD3-A14A-4DD5-B45F-B0257F439B60} = {96A0AEB7-ACFA-491C-8FA5-2A1BE4E8B718}
		{D694B088-C853-4A7A-AC05-4A0722067462} = {96A0AEB7-ACFA-491C-8FA5-2A1BE4E8B718}
		{A0270914-B019-4C8B-912C-7207224FBED1} = {8FFDF555-DB50-45F9-9A2D-6410F39151C3}
		{152BE878-0DB8-4E95-84BB-B7476BA12E42} = {8FFDF555-DB50-45F9-9A2D-6410F39151C3}
		{1325AEC6-B858-4EB4-BDA2-24E0FF13D109} = {DF33E0FB-9790-4654-B60F-8AB22E0CC3D1}
		{7765D099-FB8C-4707-8C95-8C5AEC91E5D0} = {DF33E0FB-9790-4654-B60F-8AB22E0CC3D1}
		{7CF3978C-6394-4092-AF5D-7AD77C7D5170} = {AE3FEC8E-20F1-492C-A131-3EFD0196E7A5}
		{DB0B5F99-B2F3-4888-B36E-22887F994ACC} = {7CF3978C-6394-4092-AF5D-7AD77C7D5170}
		{833B6922-4C63-4058-8E4A-3167489B18FA} = {AE3FEC8E-20F1-492C-A131-3EFD0196E7A5}
		{888D214B-CD66-4122-81D2-27C9A2B0F34F} = {AE3FEC8E-20F1-492C-A131-3EFD0196E7A5}
		{2B6D82A7-3C3A-49C5-9C00-A92CFAECCE0D} = {8FFDF555-DB50-45F9-9A2D-6410F39151C3}
		{E1057DB4-D09A-4D4D-BFDD-C14BDC725E58} = {8FFDF555-DB50-45F9-9A2D-6410F39151C3}
		{3609DE86-A1DB-4070-96EB-3BD19320DDFD} = {96A0AEB7-ACFA-491C-8FA5-2A1BE4E8B718}
		{865A7FC3-3E9E-46BD-9DD5-C8F328A62E62} = {8FFDF555-DB50-45F9-9A2D-6410F39151C3}
		{CF3BBD94-CA24-4B84-B747-497806A7D21F} = {DF33E0FB-9790-4654-B60F-8AB22E0CC3D1}
		{99DAE3F5-0EA1-4C80-859A-8213EB243EB2} = {8FFDF555-DB50-45F9-9A2D-6410F39151C3}
		{B4E7BD7B-119C-4A2C-88B5-DB137B059FAA} = {8FFDF555-DB50-45F9-9A2D-6410F39151C3}
		{C996322A-61AD-49DC-997D-C8550CFDC669} = {8FFDF555-DB50-45F9-9A2D-6410F39151C3}
		{5A1D2C50-BDC3-4322-B6E2-E1169C4B20A9} = {DF33E0FB-9790-4654-B60F-8AB22E0CC3D1}
		{8A70E596-7382-4094-B048-EBA6D9EF2CFF} = {96A0AEB7-ACFA-491C-8FA5-2A1BE4E8B718}
		{ECC586BA-211A-4D60-B83B-AF8EA3943ADC} = {8FFDF555-DB50-45F9-9A2D-6410F39151C3}
	EndGlobalSection
	GlobalSection(ExtensibilityGlobals) = postSolution
		SolutionGuid = {439897C2-CCBD-44FE-B2DC-A3E4670ADA59}
	EndGlobalSection
EndGlobal
