
Microsoft Visual Studio Solution File, Format Version 12.00
# Visual Studio Version 16
VisualStudioVersion = 16.0.29006.145
MinimumVisualStudioVersion = 15.0.26124.0
Project("{2150E333-8FDC-42A3-9474-1A3956D46DE8}") = "src", "src", "{8FFDF555-DB50-45F9-9A2D-6410F39151C3}"
	ProjectSection(SolutionItems) = preProject
		src\Directory.Build.props = src\Directory.Build.props
		src\Directory.Build.targets = src\Directory.Build.targets
	EndProjectSection
EndProject
Project("{2150E333-8FDC-42A3-9474-1A3956D46DE8}") = "test", "test", "{DF33E0FB-9790-4654-B60F-8AB22E0CC3D1}"
	ProjectSection(SolutionItems) = preProject
		test\Directory.Build.props = test\Directory.Build.props
		test\Directory.Build.targets = test\Directory.Build.targets
	EndProjectSection
EndProject
Project("{9A19103F-16F7-4668-BE54-9A1E7A4F7556}") = ".build", ".build\.build.csproj", "{55EFAE2F-A7CA-4917-A381-4A6EF5E79610}"
EndProject
Project("{2150E333-8FDC-42A3-9474-1A3956D46DE8}") = ".build", ".build", "{E3DCB78E-EE06-4EA3-88AC-762D8910387C}"
EndProject
Project("{2150E333-8FDC-42A3-9474-1A3956D46DE8}") = "sample", "sample", "{96A0AEB7-ACFA-491C-8FA5-2A1BE4E8B718}"
EndProject
Project("{9A19103F-16F7-4668-BE54-9A1E7A4F7556}") = "Sample.DependencyOne", "sample\Sample.DependencyOne\Sample.DependencyOne.csproj", "{4A67F092-0AFF-4358-B9C5-9FD06469F21C}"
EndProject
Project("{9A19103F-16F7-4668-BE54-9A1E7A4F7556}") = "Sample.DependencyThree", "sample\Sample.DependencyThree\Sample.DependencyThree.csproj", "{F4B6AB74-9949-4CB7-A0D7-C7A51827394D}"
EndProject
Project("{9A19103F-16F7-4668-BE54-9A1E7A4F7556}") = "Sample.DependencyTwo", "sample\Sample.DependencyTwo\Sample.DependencyTwo.csproj", "{07E9A423-1C40-4EBC-9E28-B109CCDFD770}"
EndProject
Project("{9A19103F-16F7-4668-BE54-9A1E7A4F7556}") = "Diagnostics", "sample\Diagnostics\Diagnostics.csproj", "{60352223-EEDC-4C1B-ACAC-D28622D5357B}"
EndProject
Project("{2150E333-8FDC-42A3-9474-1A3956D46DE8}") = "benchmarks", "benchmarks", "{6E25DD54-88B0-4647-9AB1-2575C5253B52}"
EndProject
Project("{9A19103F-16F7-4668-BE54-9A1E7A4F7556}") = "Hosting.Benchmarks", "benchmarks\Hosting.Benchmarks\Hosting.Benchmarks.csproj", "{3E4C7202-8D87-4A52-A50A-0F0CC62BA70B}"
EndProject
Project("{FAE04EC0-301F-11D3-BF4B-00C04F79EFBC}") = "Rocket.Surgery.Extensions.CommandLine.Tests", "test\CommandLine.Tests\Rocket.Surgery.Extensions.CommandLine.Tests.csproj", "{0163D2DA-3B69-46CC-AF1D-D9C6C2E5FB56}"
EndProject
Project("{FAE04EC0-301F-11D3-BF4B-00C04F79EFBC}") = "Rocket.Surgery.Conventions.Tests", "test\Conventions.Tests\Rocket.Surgery.Conventions.Tests.csproj", "{CD4BBC89-40DA-498B-832F-14B8E2AFD178}"
EndProject
Project("{FAE04EC0-301F-11D3-BF4B-00C04F79EFBC}") = "Rocket.Surgery.Hosting.AspNetCore.Tests", "test\Hosting.AspNetCore.Tests\Rocket.Surgery.Hosting.AspNetCore.Tests.csproj", "{607F7F15-0A1F-43E1-ADEE-ECC4ECDF4924}"
EndProject
Project("{FAE04EC0-301F-11D3-BF4B-00C04F79EFBC}") = "Rocket.Surgery.Hosting.Tests", "test\Hosting.Tests\Rocket.Surgery.Hosting.Tests.csproj", "{F13FD688-603D-4F3E-A17C-7BE7B7D68E19}"
EndProject
Project("{FAE04EC0-301F-11D3-BF4B-00C04F79EFBC}") = "Rocket.Surgery.Extensions.WebJobs.Tests", "test\WebJobs.Tests\Rocket.Surgery.Extensions.WebJobs.Tests.csproj", "{79A68FEE-E355-4C09-A8B0-7C3E11BB6446}"
EndProject
Project("{FAE04EC0-301F-11D3-BF4B-00C04F79EFBC}") = "Rocket.Surgery.Extensions.Configuration", "src\Configuration\Rocket.Surgery.Extensions.Configuration.csproj", "{4DEC9041-A065-45E1-A108-36EEBA6B300C}"
EndProject
Project("{FAE04EC0-301F-11D3-BF4B-00C04F79EFBC}") = "Rocket.Surgery.Extensions.Configuration.Ini", "src\Configuration.Ini\Rocket.Surgery.Extensions.Configuration.Ini.csproj", "{DBB8B83A-DDCD-42C5-9B29-EC13AAC121B6}"
EndProject
Project("{FAE04EC0-301F-11D3-BF4B-00C04F79EFBC}") = "Rocket.Surgery.Extensions.Configuration.Json", "src\Configuration.Json\Rocket.Surgery.Extensions.Configuration.Json.csproj", "{19D99ACE-9BA9-4153-8FD1-46585E330FA1}"
EndProject
Project("{FAE04EC0-301F-11D3-BF4B-00C04F79EFBC}") = "Rocket.Surgery.Extensions.Configuration.Yaml", "src\Configuration.Yaml\Rocket.Surgery.Extensions.Configuration.Yaml.csproj", "{27510F15-B305-47B2-BE61-F7152F90E55B}"
EndProject
Project("{FAE04EC0-301F-11D3-BF4B-00C04F79EFBC}") = "Rocket.Surgery.Conventions", "src\Conventions\Rocket.Surgery.Conventions.csproj", "{8E0509C3-90FA-407F-BF32-C317A854F750}"
EndProject
Project("{FAE04EC0-301F-11D3-BF4B-00C04F79EFBC}") = "Rocket.Surgery.Conventions.Abstractions", "src\Conventions.Abstractions\Rocket.Surgery.Conventions.Abstractions.csproj", "{ED1921D8-DC37-4F85-9959-4DE4885769BF}"
EndProject
Project("{FAE04EC0-301F-11D3-BF4B-00C04F79EFBC}") = "Rocket.Surgery.Conventions.Attributes", "src\Conventions.Attributes\Rocket.Surgery.Conventions.Attributes.csproj", "{B860E5CE-9F67-4966-9B96-42DF2B918188}"
EndProject
Project("{FAE04EC0-301F-11D3-BF4B-00C04F79EFBC}") = "Rocket.Surgery.Conventions.CommandLine", "src\Conventions.CommandLine\Rocket.Surgery.Conventions.CommandLine.csproj", "{C7C74F9B-975A-42EB-BD51-B19269E1A6E0}"
EndProject
Project("{FAE04EC0-301F-11D3-BF4B-00C04F79EFBC}") = "Rocket.Surgery.Conventions.Diagnostics", "src\Conventions.Diagnostics\Rocket.Surgery.Conventions.Diagnostics.csproj", "{813868CE-1951-4F2F-B825-FDE3A6261749}"
EndProject
Project("{FAE04EC0-301F-11D3-BF4B-00C04F79EFBC}") = "Rocket.Surgery.Conventions.TestHost", "src\Conventions.TestHost\Rocket.Surgery.Conventions.TestHost.csproj", "{042781E6-4167-4B0E-B492-775909324400}"
EndProject
Project("{FAE04EC0-301F-11D3-BF4B-00C04F79EFBC}") = "Rocket.Surgery.Hosting", "src\Hosting\Rocket.Surgery.Hosting.csproj", "{3543A566-A752-4DF9-84BD-1DFDF817271E}"
EndProject
Project("{FAE04EC0-301F-11D3-BF4B-00C04F79EFBC}") = "Rocket.Surgery.Hosting.Abstractions", "src\Hosting.Abstractions\Rocket.Surgery.Hosting.Abstractions.csproj", "{4097F1AC-F53D-4AC0-98E5-DAFF3C41920F}"
EndProject
Project("{FAE04EC0-301F-11D3-BF4B-00C04F79EFBC}") = "Rocket.Surgery.Extensions.Logging", "src\Logging\Rocket.Surgery.Extensions.Logging.csproj", "{32EC7333-9000-4DCF-9D7A-259A16A3DC9D}"
EndProject
Global
	GlobalSection(SolutionConfigurationPlatforms) = preSolution
		Debug|Any CPU = Debug|Any CPU
		Debug|x64 = Debug|x64
		Debug|x86 = Debug|x86
		Release|Any CPU = Release|Any CPU
		Release|x64 = Release|x64
		Release|x86 = Release|x86
	EndGlobalSection
	GlobalSection(ProjectConfigurationPlatforms) = postSolution
		{55EFAE2F-A7CA-4917-A381-4A6EF5E79610}.Debug|Any CPU.ActiveCfg = Debug|Any CPU
		{55EFAE2F-A7CA-4917-A381-4A6EF5E79610}.Debug|x64.ActiveCfg = Debug|Any CPU
		{55EFAE2F-A7CA-4917-A381-4A6EF5E79610}.Debug|x64.Build.0 = Debug|Any CPU
		{55EFAE2F-A7CA-4917-A381-4A6EF5E79610}.Debug|x86.ActiveCfg = Debug|Any CPU
		{55EFAE2F-A7CA-4917-A381-4A6EF5E79610}.Debug|x86.Build.0 = Debug|Any CPU
		{55EFAE2F-A7CA-4917-A381-4A6EF5E79610}.Release|Any CPU.ActiveCfg = Release|Any CPU
		{55EFAE2F-A7CA-4917-A381-4A6EF5E79610}.Release|x64.ActiveCfg = Release|Any CPU
		{55EFAE2F-A7CA-4917-A381-4A6EF5E79610}.Release|x64.Build.0 = Release|Any CPU
		{55EFAE2F-A7CA-4917-A381-4A6EF5E79610}.Release|x86.ActiveCfg = Release|Any CPU
		{55EFAE2F-A7CA-4917-A381-4A6EF5E79610}.Release|x86.Build.0 = Release|Any CPU
		{4A67F092-0AFF-4358-B9C5-9FD06469F21C}.Debug|Any CPU.ActiveCfg = Debug|Any CPU
		{4A67F092-0AFF-4358-B9C5-9FD06469F21C}.Debug|Any CPU.Build.0 = Debug|Any CPU
		{4A67F092-0AFF-4358-B9C5-9FD06469F21C}.Debug|x64.ActiveCfg = Debug|Any CPU
		{4A67F092-0AFF-4358-B9C5-9FD06469F21C}.Debug|x64.Build.0 = Debug|Any CPU
		{4A67F092-0AFF-4358-B9C5-9FD06469F21C}.Debug|x86.ActiveCfg = Debug|Any CPU
		{4A67F092-0AFF-4358-B9C5-9FD06469F21C}.Debug|x86.Build.0 = Debug|Any CPU
		{4A67F092-0AFF-4358-B9C5-9FD06469F21C}.Release|Any CPU.ActiveCfg = Release|Any CPU
		{4A67F092-0AFF-4358-B9C5-9FD06469F21C}.Release|Any CPU.Build.0 = Release|Any CPU
		{4A67F092-0AFF-4358-B9C5-9FD06469F21C}.Release|x64.ActiveCfg = Release|Any CPU
		{4A67F092-0AFF-4358-B9C5-9FD06469F21C}.Release|x64.Build.0 = Release|Any CPU
		{4A67F092-0AFF-4358-B9C5-9FD06469F21C}.Release|x86.ActiveCfg = Release|Any CPU
		{4A67F092-0AFF-4358-B9C5-9FD06469F21C}.Release|x86.Build.0 = Release|Any CPU
		{F4B6AB74-9949-4CB7-A0D7-C7A51827394D}.Debug|Any CPU.ActiveCfg = Debug|Any CPU
		{F4B6AB74-9949-4CB7-A0D7-C7A51827394D}.Debug|Any CPU.Build.0 = Debug|Any CPU
		{F4B6AB74-9949-4CB7-A0D7-C7A51827394D}.Debug|x64.ActiveCfg = Debug|Any CPU
		{F4B6AB74-9949-4CB7-A0D7-C7A51827394D}.Debug|x64.Build.0 = Debug|Any CPU
		{F4B6AB74-9949-4CB7-A0D7-C7A51827394D}.Debug|x86.ActiveCfg = Debug|Any CPU
		{F4B6AB74-9949-4CB7-A0D7-C7A51827394D}.Debug|x86.Build.0 = Debug|Any CPU
		{F4B6AB74-9949-4CB7-A0D7-C7A51827394D}.Release|Any CPU.ActiveCfg = Release|Any CPU
		{F4B6AB74-9949-4CB7-A0D7-C7A51827394D}.Release|Any CPU.Build.0 = Release|Any CPU
		{F4B6AB74-9949-4CB7-A0D7-C7A51827394D}.Release|x64.ActiveCfg = Release|Any CPU
		{F4B6AB74-9949-4CB7-A0D7-C7A51827394D}.Release|x64.Build.0 = Release|Any CPU
		{F4B6AB74-9949-4CB7-A0D7-C7A51827394D}.Release|x86.ActiveCfg = Release|Any CPU
		{F4B6AB74-9949-4CB7-A0D7-C7A51827394D}.Release|x86.Build.0 = Release|Any CPU
		{07E9A423-1C40-4EBC-9E28-B109CCDFD770}.Debug|Any CPU.ActiveCfg = Debug|Any CPU
		{07E9A423-1C40-4EBC-9E28-B109CCDFD770}.Debug|Any CPU.Build.0 = Debug|Any CPU
		{07E9A423-1C40-4EBC-9E28-B109CCDFD770}.Debug|x64.ActiveCfg = Debug|Any CPU
		{07E9A423-1C40-4EBC-9E28-B109CCDFD770}.Debug|x64.Build.0 = Debug|Any CPU
		{07E9A423-1C40-4EBC-9E28-B109CCDFD770}.Debug|x86.ActiveCfg = Debug|Any CPU
		{07E9A423-1C40-4EBC-9E28-B109CCDFD770}.Debug|x86.Build.0 = Debug|Any CPU
		{07E9A423-1C40-4EBC-9E28-B109CCDFD770}.Release|Any CPU.ActiveCfg = Release|Any CPU
		{07E9A423-1C40-4EBC-9E28-B109CCDFD770}.Release|Any CPU.Build.0 = Release|Any CPU
		{07E9A423-1C40-4EBC-9E28-B109CCDFD770}.Release|x64.ActiveCfg = Release|Any CPU
		{07E9A423-1C40-4EBC-9E28-B109CCDFD770}.Release|x64.Build.0 = Release|Any CPU
		{07E9A423-1C40-4EBC-9E28-B109CCDFD770}.Release|x86.ActiveCfg = Release|Any CPU
		{07E9A423-1C40-4EBC-9E28-B109CCDFD770}.Release|x86.Build.0 = Release|Any CPU
		{60352223-EEDC-4C1B-ACAC-D28622D5357B}.Debug|Any CPU.ActiveCfg = Debug|Any CPU
		{60352223-EEDC-4C1B-ACAC-D28622D5357B}.Debug|Any CPU.Build.0 = Debug|Any CPU
		{60352223-EEDC-4C1B-ACAC-D28622D5357B}.Debug|x64.ActiveCfg = Debug|Any CPU
		{60352223-EEDC-4C1B-ACAC-D28622D5357B}.Debug|x64.Build.0 = Debug|Any CPU
		{60352223-EEDC-4C1B-ACAC-D28622D5357B}.Debug|x86.ActiveCfg = Debug|Any CPU
		{60352223-EEDC-4C1B-ACAC-D28622D5357B}.Debug|x86.Build.0 = Debug|Any CPU
		{60352223-EEDC-4C1B-ACAC-D28622D5357B}.Release|Any CPU.ActiveCfg = Release|Any CPU
		{60352223-EEDC-4C1B-ACAC-D28622D5357B}.Release|Any CPU.Build.0 = Release|Any CPU
		{60352223-EEDC-4C1B-ACAC-D28622D5357B}.Release|x64.ActiveCfg = Release|Any CPU
		{60352223-EEDC-4C1B-ACAC-D28622D5357B}.Release|x64.Build.0 = Release|Any CPU
		{60352223-EEDC-4C1B-ACAC-D28622D5357B}.Release|x86.ActiveCfg = Release|Any CPU
		{60352223-EEDC-4C1B-ACAC-D28622D5357B}.Release|x86.Build.0 = Release|Any CPU
		{3E4C7202-8D87-4A52-A50A-0F0CC62BA70B}.Debug|Any CPU.ActiveCfg = Debug|Any CPU
		{3E4C7202-8D87-4A52-A50A-0F0CC62BA70B}.Debug|Any CPU.Build.0 = Debug|Any CPU
		{3E4C7202-8D87-4A52-A50A-0F0CC62BA70B}.Debug|x64.ActiveCfg = Debug|Any CPU
		{3E4C7202-8D87-4A52-A50A-0F0CC62BA70B}.Debug|x64.Build.0 = Debug|Any CPU
		{3E4C7202-8D87-4A52-A50A-0F0CC62BA70B}.Debug|x86.ActiveCfg = Debug|Any CPU
		{3E4C7202-8D87-4A52-A50A-0F0CC62BA70B}.Debug|x86.Build.0 = Debug|Any CPU
		{3E4C7202-8D87-4A52-A50A-0F0CC62BA70B}.Release|Any CPU.ActiveCfg = Release|Any CPU
		{3E4C7202-8D87-4A52-A50A-0F0CC62BA70B}.Release|Any CPU.Build.0 = Release|Any CPU
		{3E4C7202-8D87-4A52-A50A-0F0CC62BA70B}.Release|x64.ActiveCfg = Release|Any CPU
		{3E4C7202-8D87-4A52-A50A-0F0CC62BA70B}.Release|x64.Build.0 = Release|Any CPU
		{3E4C7202-8D87-4A52-A50A-0F0CC62BA70B}.Release|x86.ActiveCfg = Release|Any CPU
		{3E4C7202-8D87-4A52-A50A-0F0CC62BA70B}.Release|x86.Build.0 = Release|Any CPU
		{0163D2DA-3B69-46CC-AF1D-D9C6C2E5FB56}.Debug|Any CPU.ActiveCfg = Debug|Any CPU
		{0163D2DA-3B69-46CC-AF1D-D9C6C2E5FB56}.Debug|Any CPU.Build.0 = Debug|Any CPU
		{0163D2DA-3B69-46CC-AF1D-D9C6C2E5FB56}.Debug|x64.ActiveCfg = Debug|Any CPU
		{0163D2DA-3B69-46CC-AF1D-D9C6C2E5FB56}.Debug|x64.Build.0 = Debug|Any CPU
		{0163D2DA-3B69-46CC-AF1D-D9C6C2E5FB56}.Debug|x86.ActiveCfg = Debug|Any CPU
		{0163D2DA-3B69-46CC-AF1D-D9C6C2E5FB56}.Debug|x86.Build.0 = Debug|Any CPU
		{0163D2DA-3B69-46CC-AF1D-D9C6C2E5FB56}.Release|Any CPU.ActiveCfg = Release|Any CPU
		{0163D2DA-3B69-46CC-AF1D-D9C6C2E5FB56}.Release|Any CPU.Build.0 = Release|Any CPU
		{0163D2DA-3B69-46CC-AF1D-D9C6C2E5FB56}.Release|x64.ActiveCfg = Release|Any CPU
		{0163D2DA-3B69-46CC-AF1D-D9C6C2E5FB56}.Release|x64.Build.0 = Release|Any CPU
		{0163D2DA-3B69-46CC-AF1D-D9C6C2E5FB56}.Release|x86.ActiveCfg = Release|Any CPU
		{0163D2DA-3B69-46CC-AF1D-D9C6C2E5FB56}.Release|x86.Build.0 = Release|Any CPU
		{CD4BBC89-40DA-498B-832F-14B8E2AFD178}.Debug|Any CPU.ActiveCfg = Debug|Any CPU
		{CD4BBC89-40DA-498B-832F-14B8E2AFD178}.Debug|Any CPU.Build.0 = Debug|Any CPU
		{CD4BBC89-40DA-498B-832F-14B8E2AFD178}.Debug|x64.ActiveCfg = Debug|Any CPU
		{CD4BBC89-40DA-498B-832F-14B8E2AFD178}.Debug|x64.Build.0 = Debug|Any CPU
		{CD4BBC89-40DA-498B-832F-14B8E2AFD178}.Debug|x86.ActiveCfg = Debug|Any CPU
		{CD4BBC89-40DA-498B-832F-14B8E2AFD178}.Debug|x86.Build.0 = Debug|Any CPU
		{CD4BBC89-40DA-498B-832F-14B8E2AFD178}.Release|Any CPU.ActiveCfg = Release|Any CPU
		{CD4BBC89-40DA-498B-832F-14B8E2AFD178}.Release|Any CPU.Build.0 = Release|Any CPU
		{CD4BBC89-40DA-498B-832F-14B8E2AFD178}.Release|x64.ActiveCfg = Release|Any CPU
		{CD4BBC89-40DA-498B-832F-14B8E2AFD178}.Release|x64.Build.0 = Release|Any CPU
		{CD4BBC89-40DA-498B-832F-14B8E2AFD178}.Release|x86.ActiveCfg = Release|Any CPU
		{CD4BBC89-40DA-498B-832F-14B8E2AFD178}.Release|x86.Build.0 = Release|Any CPU
		{607F7F15-0A1F-43E1-ADEE-ECC4ECDF4924}.Debug|Any CPU.ActiveCfg = Debug|Any CPU
		{607F7F15-0A1F-43E1-ADEE-ECC4ECDF4924}.Debug|Any CPU.Build.0 = Debug|Any CPU
		{607F7F15-0A1F-43E1-ADEE-ECC4ECDF4924}.Debug|x64.ActiveCfg = Debug|Any CPU
		{607F7F15-0A1F-43E1-ADEE-ECC4ECDF4924}.Debug|x64.Build.0 = Debug|Any CPU
		{607F7F15-0A1F-43E1-ADEE-ECC4ECDF4924}.Debug|x86.ActiveCfg = Debug|Any CPU
		{607F7F15-0A1F-43E1-ADEE-ECC4ECDF4924}.Debug|x86.Build.0 = Debug|Any CPU
		{607F7F15-0A1F-43E1-ADEE-ECC4ECDF4924}.Release|Any CPU.ActiveCfg = Release|Any CPU
		{607F7F15-0A1F-43E1-ADEE-ECC4ECDF4924}.Release|Any CPU.Build.0 = Release|Any CPU
		{607F7F15-0A1F-43E1-ADEE-ECC4ECDF4924}.Release|x64.ActiveCfg = Release|Any CPU
		{607F7F15-0A1F-43E1-ADEE-ECC4ECDF4924}.Release|x64.Build.0 = Release|Any CPU
		{607F7F15-0A1F-43E1-ADEE-ECC4ECDF4924}.Release|x86.ActiveCfg = Release|Any CPU
		{607F7F15-0A1F-43E1-ADEE-ECC4ECDF4924}.Release|x86.Build.0 = Release|Any CPU
		{F13FD688-603D-4F3E-A17C-7BE7B7D68E19}.Debug|Any CPU.ActiveCfg = Debug|Any CPU
		{F13FD688-603D-4F3E-A17C-7BE7B7D68E19}.Debug|Any CPU.Build.0 = Debug|Any CPU
		{F13FD688-603D-4F3E-A17C-7BE7B7D68E19}.Debug|x64.ActiveCfg = Debug|Any CPU
		{F13FD688-603D-4F3E-A17C-7BE7B7D68E19}.Debug|x64.Build.0 = Debug|Any CPU
		{F13FD688-603D-4F3E-A17C-7BE7B7D68E19}.Debug|x86.ActiveCfg = Debug|Any CPU
		{F13FD688-603D-4F3E-A17C-7BE7B7D68E19}.Debug|x86.Build.0 = Debug|Any CPU
		{F13FD688-603D-4F3E-A17C-7BE7B7D68E19}.Release|Any CPU.ActiveCfg = Release|Any CPU
		{F13FD688-603D-4F3E-A17C-7BE7B7D68E19}.Release|Any CPU.Build.0 = Release|Any CPU
		{F13FD688-603D-4F3E-A17C-7BE7B7D68E19}.Release|x64.ActiveCfg = Release|Any CPU
		{F13FD688-603D-4F3E-A17C-7BE7B7D68E19}.Release|x64.Build.0 = Release|Any CPU
		{F13FD688-603D-4F3E-A17C-7BE7B7D68E19}.Release|x86.ActiveCfg = Release|Any CPU
		{F13FD688-603D-4F3E-A17C-7BE7B7D68E19}.Release|x86.Build.0 = Release|Any CPU
		{79A68FEE-E355-4C09-A8B0-7C3E11BB6446}.Debug|Any CPU.ActiveCfg = Debug|Any CPU
		{79A68FEE-E355-4C09-A8B0-7C3E11BB6446}.Debug|Any CPU.Build.0 = Debug|Any CPU
		{79A68FEE-E355-4C09-A8B0-7C3E11BB6446}.Debug|x64.ActiveCfg = Debug|Any CPU
		{79A68FEE-E355-4C09-A8B0-7C3E11BB6446}.Debug|x64.Build.0 = Debug|Any CPU
		{79A68FEE-E355-4C09-A8B0-7C3E11BB6446}.Debug|x86.ActiveCfg = Debug|Any CPU
		{79A68FEE-E355-4C09-A8B0-7C3E11BB6446}.Debug|x86.Build.0 = Debug|Any CPU
		{79A68FEE-E355-4C09-A8B0-7C3E11BB6446}.Release|Any CPU.ActiveCfg = Release|Any CPU
		{79A68FEE-E355-4C09-A8B0-7C3E11BB6446}.Release|Any CPU.Build.0 = Release|Any CPU
		{79A68FEE-E355-4C09-A8B0-7C3E11BB6446}.Release|x64.ActiveCfg = Release|Any CPU
		{79A68FEE-E355-4C09-A8B0-7C3E11BB6446}.Release|x64.Build.0 = Release|Any CPU
		{79A68FEE-E355-4C09-A8B0-7C3E11BB6446}.Release|x86.ActiveCfg = Release|Any CPU
		{79A68FEE-E355-4C09-A8B0-7C3E11BB6446}.Release|x86.Build.0 = Release|Any CPU
		{4DEC9041-A065-45E1-A108-36EEBA6B300C}.Debug|Any CPU.ActiveCfg = Debug|Any CPU
		{4DEC9041-A065-45E1-A108-36EEBA6B300C}.Debug|Any CPU.Build.0 = Debug|Any CPU
		{4DEC9041-A065-45E1-A108-36EEBA6B300C}.Debug|x64.ActiveCfg = Debug|Any CPU
		{4DEC9041-A065-45E1-A108-36EEBA6B300C}.Debug|x64.Build.0 = Debug|Any CPU
		{4DEC9041-A065-45E1-A108-36EEBA6B300C}.Debug|x86.ActiveCfg = Debug|Any CPU
		{4DEC9041-A065-45E1-A108-36EEBA6B300C}.Debug|x86.Build.0 = Debug|Any CPU
		{4DEC9041-A065-45E1-A108-36EEBA6B300C}.Release|Any CPU.ActiveCfg = Release|Any CPU
		{4DEC9041-A065-45E1-A108-36EEBA6B300C}.Release|Any CPU.Build.0 = Release|Any CPU
		{4DEC9041-A065-45E1-A108-36EEBA6B300C}.Release|x64.ActiveCfg = Release|Any CPU
		{4DEC9041-A065-45E1-A108-36EEBA6B300C}.Release|x64.Build.0 = Release|Any CPU
		{4DEC9041-A065-45E1-A108-36EEBA6B300C}.Release|x86.ActiveCfg = Release|Any CPU
		{4DEC9041-A065-45E1-A108-36EEBA6B300C}.Release|x86.Build.0 = Release|Any CPU
		{DBB8B83A-DDCD-42C5-9B29-EC13AAC121B6}.Debug|Any CPU.ActiveCfg = Debug|Any CPU
		{DBB8B83A-DDCD-42C5-9B29-EC13AAC121B6}.Debug|Any CPU.Build.0 = Debug|Any CPU
		{DBB8B83A-DDCD-42C5-9B29-EC13AAC121B6}.Debug|x64.ActiveCfg = Debug|Any CPU
		{DBB8B83A-DDCD-42C5-9B29-EC13AAC121B6}.Debug|x64.Build.0 = Debug|Any CPU
		{DBB8B83A-DDCD-42C5-9B29-EC13AAC121B6}.Debug|x86.ActiveCfg = Debug|Any CPU
		{DBB8B83A-DDCD-42C5-9B29-EC13AAC121B6}.Debug|x86.Build.0 = Debug|Any CPU
		{DBB8B83A-DDCD-42C5-9B29-EC13AAC121B6}.Release|Any CPU.ActiveCfg = Release|Any CPU
		{DBB8B83A-DDCD-42C5-9B29-EC13AAC121B6}.Release|Any CPU.Build.0 = Release|Any CPU
		{DBB8B83A-DDCD-42C5-9B29-EC13AAC121B6}.Release|x64.ActiveCfg = Release|Any CPU
		{DBB8B83A-DDCD-42C5-9B29-EC13AAC121B6}.Release|x64.Build.0 = Release|Any CPU
		{DBB8B83A-DDCD-42C5-9B29-EC13AAC121B6}.Release|x86.ActiveCfg = Release|Any CPU
		{DBB8B83A-DDCD-42C5-9B29-EC13AAC121B6}.Release|x86.Build.0 = Release|Any CPU
		{19D99ACE-9BA9-4153-8FD1-46585E330FA1}.Debug|Any CPU.ActiveCfg = Debug|Any CPU
		{19D99ACE-9BA9-4153-8FD1-46585E330FA1}.Debug|Any CPU.Build.0 = Debug|Any CPU
		{19D99ACE-9BA9-4153-8FD1-46585E330FA1}.Debug|x64.ActiveCfg = Debug|Any CPU
		{19D99ACE-9BA9-4153-8FD1-46585E330FA1}.Debug|x64.Build.0 = Debug|Any CPU
		{19D99ACE-9BA9-4153-8FD1-46585E330FA1}.Debug|x86.ActiveCfg = Debug|Any CPU
		{19D99ACE-9BA9-4153-8FD1-46585E330FA1}.Debug|x86.Build.0 = Debug|Any CPU
		{19D99ACE-9BA9-4153-8FD1-46585E330FA1}.Release|Any CPU.ActiveCfg = Release|Any CPU
		{19D99ACE-9BA9-4153-8FD1-46585E330FA1}.Release|Any CPU.Build.0 = Release|Any CPU
		{19D99ACE-9BA9-4153-8FD1-46585E330FA1}.Release|x64.ActiveCfg = Release|Any CPU
		{19D99ACE-9BA9-4153-8FD1-46585E330FA1}.Release|x64.Build.0 = Release|Any CPU
		{19D99ACE-9BA9-4153-8FD1-46585E330FA1}.Release|x86.ActiveCfg = Release|Any CPU
		{19D99ACE-9BA9-4153-8FD1-46585E330FA1}.Release|x86.Build.0 = Release|Any CPU
		{27510F15-B305-47B2-BE61-F7152F90E55B}.Debug|Any CPU.ActiveCfg = Debug|Any CPU
		{27510F15-B305-47B2-BE61-F7152F90E55B}.Debug|Any CPU.Build.0 = Debug|Any CPU
		{27510F15-B305-47B2-BE61-F7152F90E55B}.Debug|x64.ActiveCfg = Debug|Any CPU
		{27510F15-B305-47B2-BE61-F7152F90E55B}.Debug|x64.Build.0 = Debug|Any CPU
		{27510F15-B305-47B2-BE61-F7152F90E55B}.Debug|x86.ActiveCfg = Debug|Any CPU
		{27510F15-B305-47B2-BE61-F7152F90E55B}.Debug|x86.Build.0 = Debug|Any CPU
		{27510F15-B305-47B2-BE61-F7152F90E55B}.Release|Any CPU.ActiveCfg = Release|Any CPU
		{27510F15-B305-47B2-BE61-F7152F90E55B}.Release|Any CPU.Build.0 = Release|Any CPU
		{27510F15-B305-47B2-BE61-F7152F90E55B}.Release|x64.ActiveCfg = Release|Any CPU
		{27510F15-B305-47B2-BE61-F7152F90E55B}.Release|x64.Build.0 = Release|Any CPU
		{27510F15-B305-47B2-BE61-F7152F90E55B}.Release|x86.ActiveCfg = Release|Any CPU
		{27510F15-B305-47B2-BE61-F7152F90E55B}.Release|x86.Build.0 = Release|Any CPU
		{8E0509C3-90FA-407F-BF32-C317A854F750}.Debug|Any CPU.ActiveCfg = Debug|Any CPU
		{8E0509C3-90FA-407F-BF32-C317A854F750}.Debug|Any CPU.Build.0 = Debug|Any CPU
		{8E0509C3-90FA-407F-BF32-C317A854F750}.Debug|x64.ActiveCfg = Debug|Any CPU
		{8E0509C3-90FA-407F-BF32-C317A854F750}.Debug|x64.Build.0 = Debug|Any CPU
		{8E0509C3-90FA-407F-BF32-C317A854F750}.Debug|x86.ActiveCfg = Debug|Any CPU
		{8E0509C3-90FA-407F-BF32-C317A854F750}.Debug|x86.Build.0 = Debug|Any CPU
		{8E0509C3-90FA-407F-BF32-C317A854F750}.Release|Any CPU.ActiveCfg = Release|Any CPU
		{8E0509C3-90FA-407F-BF32-C317A854F750}.Release|Any CPU.Build.0 = Release|Any CPU
		{8E0509C3-90FA-407F-BF32-C317A854F750}.Release|x64.ActiveCfg = Release|Any CPU
		{8E0509C3-90FA-407F-BF32-C317A854F750}.Release|x64.Build.0 = Release|Any CPU
		{8E0509C3-90FA-407F-BF32-C317A854F750}.Release|x86.ActiveCfg = Release|Any CPU
		{8E0509C3-90FA-407F-BF32-C317A854F750}.Release|x86.Build.0 = Release|Any CPU
		{ED1921D8-DC37-4F85-9959-4DE4885769BF}.Debug|Any CPU.ActiveCfg = Debug|Any CPU
		{ED1921D8-DC37-4F85-9959-4DE4885769BF}.Debug|Any CPU.Build.0 = Debug|Any CPU
		{ED1921D8-DC37-4F85-9959-4DE4885769BF}.Debug|x64.ActiveCfg = Debug|Any CPU
		{ED1921D8-DC37-4F85-9959-4DE4885769BF}.Debug|x64.Build.0 = Debug|Any CPU
		{ED1921D8-DC37-4F85-9959-4DE4885769BF}.Debug|x86.ActiveCfg = Debug|Any CPU
		{ED1921D8-DC37-4F85-9959-4DE4885769BF}.Debug|x86.Build.0 = Debug|Any CPU
		{ED1921D8-DC37-4F85-9959-4DE4885769BF}.Release|Any CPU.ActiveCfg = Release|Any CPU
		{ED1921D8-DC37-4F85-9959-4DE4885769BF}.Release|Any CPU.Build.0 = Release|Any CPU
		{ED1921D8-DC37-4F85-9959-4DE4885769BF}.Release|x64.ActiveCfg = Release|Any CPU
		{ED1921D8-DC37-4F85-9959-4DE4885769BF}.Release|x64.Build.0 = Release|Any CPU
		{ED1921D8-DC37-4F85-9959-4DE4885769BF}.Release|x86.ActiveCfg = Release|Any CPU
		{ED1921D8-DC37-4F85-9959-4DE4885769BF}.Release|x86.Build.0 = Release|Any CPU
		{B860E5CE-9F67-4966-9B96-42DF2B918188}.Debug|Any CPU.ActiveCfg = Debug|Any CPU
		{B860E5CE-9F67-4966-9B96-42DF2B918188}.Debug|Any CPU.Build.0 = Debug|Any CPU
		{B860E5CE-9F67-4966-9B96-42DF2B918188}.Debug|x64.ActiveCfg = Debug|Any CPU
		{B860E5CE-9F67-4966-9B96-42DF2B918188}.Debug|x64.Build.0 = Debug|Any CPU
		{B860E5CE-9F67-4966-9B96-42DF2B918188}.Debug|x86.ActiveCfg = Debug|Any CPU
		{B860E5CE-9F67-4966-9B96-42DF2B918188}.Debug|x86.Build.0 = Debug|Any CPU
		{B860E5CE-9F67-4966-9B96-42DF2B918188}.Release|Any CPU.ActiveCfg = Release|Any CPU
		{B860E5CE-9F67-4966-9B96-42DF2B918188}.Release|Any CPU.Build.0 = Release|Any CPU
		{B860E5CE-9F67-4966-9B96-42DF2B918188}.Release|x64.ActiveCfg = Release|Any CPU
		{B860E5CE-9F67-4966-9B96-42DF2B918188}.Release|x64.Build.0 = Release|Any CPU
		{B860E5CE-9F67-4966-9B96-42DF2B918188}.Release|x86.ActiveCfg = Release|Any CPU
		{B860E5CE-9F67-4966-9B96-42DF2B918188}.Release|x86.Build.0 = Release|Any CPU
		{C7C74F9B-975A-42EB-BD51-B19269E1A6E0}.Debug|Any CPU.ActiveCfg = Debug|Any CPU
		{C7C74F9B-975A-42EB-BD51-B19269E1A6E0}.Debug|Any CPU.Build.0 = Debug|Any CPU
		{C7C74F9B-975A-42EB-BD51-B19269E1A6E0}.Debug|x64.ActiveCfg = Debug|Any CPU
		{C7C74F9B-975A-42EB-BD51-B19269E1A6E0}.Debug|x64.Build.0 = Debug|Any CPU
		{C7C74F9B-975A-42EB-BD51-B19269E1A6E0}.Debug|x86.ActiveCfg = Debug|Any CPU
		{C7C74F9B-975A-42EB-BD51-B19269E1A6E0}.Debug|x86.Build.0 = Debug|Any CPU
		{C7C74F9B-975A-42EB-BD51-B19269E1A6E0}.Release|Any CPU.ActiveCfg = Release|Any CPU
		{C7C74F9B-975A-42EB-BD51-B19269E1A6E0}.Release|Any CPU.Build.0 = Release|Any CPU
		{C7C74F9B-975A-42EB-BD51-B19269E1A6E0}.Release|x64.ActiveCfg = Release|Any CPU
		{C7C74F9B-975A-42EB-BD51-B19269E1A6E0}.Release|x64.Build.0 = Release|Any CPU
		{C7C74F9B-975A-42EB-BD51-B19269E1A6E0}.Release|x86.ActiveCfg = Release|Any CPU
		{C7C74F9B-975A-42EB-BD51-B19269E1A6E0}.Release|x86.Build.0 = Release|Any CPU
		{813868CE-1951-4F2F-B825-FDE3A6261749}.Debug|Any CPU.ActiveCfg = Debug|Any CPU
		{813868CE-1951-4F2F-B825-FDE3A6261749}.Debug|Any CPU.Build.0 = Debug|Any CPU
		{813868CE-1951-4F2F-B825-FDE3A6261749}.Debug|x64.ActiveCfg = Debug|Any CPU
		{813868CE-1951-4F2F-B825-FDE3A6261749}.Debug|x64.Build.0 = Debug|Any CPU
		{813868CE-1951-4F2F-B825-FDE3A6261749}.Debug|x86.ActiveCfg = Debug|Any CPU
		{813868CE-1951-4F2F-B825-FDE3A6261749}.Debug|x86.Build.0 = Debug|Any CPU
		{813868CE-1951-4F2F-B825-FDE3A6261749}.Release|Any CPU.ActiveCfg = Release|Any CPU
		{813868CE-1951-4F2F-B825-FDE3A6261749}.Release|Any CPU.Build.0 = Release|Any CPU
		{813868CE-1951-4F2F-B825-FDE3A6261749}.Release|x64.ActiveCfg = Release|Any CPU
		{813868CE-1951-4F2F-B825-FDE3A6261749}.Release|x64.Build.0 = Release|Any CPU
		{813868CE-1951-4F2F-B825-FDE3A6261749}.Release|x86.ActiveCfg = Release|Any CPU
		{813868CE-1951-4F2F-B825-FDE3A6261749}.Release|x86.Build.0 = Release|Any CPU
		{042781E6-4167-4B0E-B492-775909324400}.Debug|Any CPU.ActiveCfg = Debug|Any CPU
		{042781E6-4167-4B0E-B492-775909324400}.Debug|Any CPU.Build.0 = Debug|Any CPU
		{042781E6-4167-4B0E-B492-775909324400}.Debug|x64.ActiveCfg = Debug|Any CPU
		{042781E6-4167-4B0E-B492-775909324400}.Debug|x64.Build.0 = Debug|Any CPU
		{042781E6-4167-4B0E-B492-775909324400}.Debug|x86.ActiveCfg = Debug|Any CPU
		{042781E6-4167-4B0E-B492-775909324400}.Debug|x86.Build.0 = Debug|Any CPU
		{042781E6-4167-4B0E-B492-775909324400}.Release|Any CPU.ActiveCfg = Release|Any CPU
		{042781E6-4167-4B0E-B492-775909324400}.Release|Any CPU.Build.0 = Release|Any CPU
		{042781E6-4167-4B0E-B492-775909324400}.Release|x64.ActiveCfg = Release|Any CPU
		{042781E6-4167-4B0E-B492-775909324400}.Release|x64.Build.0 = Release|Any CPU
		{042781E6-4167-4B0E-B492-775909324400}.Release|x86.ActiveCfg = Release|Any CPU
		{042781E6-4167-4B0E-B492-775909324400}.Release|x86.Build.0 = Release|Any CPU
		{3543A566-A752-4DF9-84BD-1DFDF817271E}.Debug|Any CPU.ActiveCfg = Debug|Any CPU
		{3543A566-A752-4DF9-84BD-1DFDF817271E}.Debug|Any CPU.Build.0 = Debug|Any CPU
		{3543A566-A752-4DF9-84BD-1DFDF817271E}.Debug|x64.ActiveCfg = Debug|Any CPU
		{3543A566-A752-4DF9-84BD-1DFDF817271E}.Debug|x64.Build.0 = Debug|Any CPU
		{3543A566-A752-4DF9-84BD-1DFDF817271E}.Debug|x86.ActiveCfg = Debug|Any CPU
		{3543A566-A752-4DF9-84BD-1DFDF817271E}.Debug|x86.Build.0 = Debug|Any CPU
		{3543A566-A752-4DF9-84BD-1DFDF817271E}.Release|Any CPU.ActiveCfg = Release|Any CPU
		{3543A566-A752-4DF9-84BD-1DFDF817271E}.Release|Any CPU.Build.0 = Release|Any CPU
		{3543A566-A752-4DF9-84BD-1DFDF817271E}.Release|x64.ActiveCfg = Release|Any CPU
		{3543A566-A752-4DF9-84BD-1DFDF817271E}.Release|x64.Build.0 = Release|Any CPU
		{3543A566-A752-4DF9-84BD-1DFDF817271E}.Release|x86.ActiveCfg = Release|Any CPU
		{3543A566-A752-4DF9-84BD-1DFDF817271E}.Release|x86.Build.0 = Release|Any CPU
		{4097F1AC-F53D-4AC0-98E5-DAFF3C41920F}.Debug|Any CPU.ActiveCfg = Debug|Any CPU
		{4097F1AC-F53D-4AC0-98E5-DAFF3C41920F}.Debug|Any CPU.Build.0 = Debug|Any CPU
		{4097F1AC-F53D-4AC0-98E5-DAFF3C41920F}.Debug|x64.ActiveCfg = Debug|Any CPU
		{4097F1AC-F53D-4AC0-98E5-DAFF3C41920F}.Debug|x64.Build.0 = Debug|Any CPU
		{4097F1AC-F53D-4AC0-98E5-DAFF3C41920F}.Debug|x86.ActiveCfg = Debug|Any CPU
		{4097F1AC-F53D-4AC0-98E5-DAFF3C41920F}.Debug|x86.Build.0 = Debug|Any CPU
		{4097F1AC-F53D-4AC0-98E5-DAFF3C41920F}.Release|Any CPU.ActiveCfg = Release|Any CPU
		{4097F1AC-F53D-4AC0-98E5-DAFF3C41920F}.Release|Any CPU.Build.0 = Release|Any CPU
		{4097F1AC-F53D-4AC0-98E5-DAFF3C41920F}.Release|x64.ActiveCfg = Release|Any CPU
		{4097F1AC-F53D-4AC0-98E5-DAFF3C41920F}.Release|x64.Build.0 = Release|Any CPU
		{4097F1AC-F53D-4AC0-98E5-DAFF3C41920F}.Release|x86.ActiveCfg = Release|Any CPU
		{4097F1AC-F53D-4AC0-98E5-DAFF3C41920F}.Release|x86.Build.0 = Release|Any CPU
		{32EC7333-9000-4DCF-9D7A-259A16A3DC9D}.Debug|Any CPU.ActiveCfg = Debug|Any CPU
		{32EC7333-9000-4DCF-9D7A-259A16A3DC9D}.Debug|Any CPU.Build.0 = Debug|Any CPU
		{32EC7333-9000-4DCF-9D7A-259A16A3DC9D}.Debug|x64.ActiveCfg = Debug|Any CPU
		{32EC7333-9000-4DCF-9D7A-259A16A3DC9D}.Debug|x64.Build.0 = Debug|Any CPU
		{32EC7333-9000-4DCF-9D7A-259A16A3DC9D}.Debug|x86.ActiveCfg = Debug|Any CPU
		{32EC7333-9000-4DCF-9D7A-259A16A3DC9D}.Debug|x86.Build.0 = Debug|Any CPU
		{32EC7333-9000-4DCF-9D7A-259A16A3DC9D}.Release|Any CPU.ActiveCfg = Release|Any CPU
		{32EC7333-9000-4DCF-9D7A-259A16A3DC9D}.Release|Any CPU.Build.0 = Release|Any CPU
		{32EC7333-9000-4DCF-9D7A-259A16A3DC9D}.Release|x64.ActiveCfg = Release|Any CPU
		{32EC7333-9000-4DCF-9D7A-259A16A3DC9D}.Release|x64.Build.0 = Release|Any CPU
		{32EC7333-9000-4DCF-9D7A-259A16A3DC9D}.Release|x86.ActiveCfg = Release|Any CPU
		{32EC7333-9000-4DCF-9D7A-259A16A3DC9D}.Release|x86.Build.0 = Release|Any CPU
	EndGlobalSection
	GlobalSection(SolutionProperties) = preSolution
		HideSolutionNode = FALSE
	EndGlobalSection
	GlobalSection(NestedProjects) = preSolution
		{55EFAE2F-A7CA-4917-A381-4A6EF5E79610} = {E3DCB78E-EE06-4EA3-88AC-762D8910387C}
		{4A67F092-0AFF-4358-B9C5-9FD06469F21C} = {96A0AEB7-ACFA-491C-8FA5-2A1BE4E8B718}
		{F4B6AB74-9949-4CB7-A0D7-C7A51827394D} = {96A0AEB7-ACFA-491C-8FA5-2A1BE4E8B718}
		{07E9A423-1C40-4EBC-9E28-B109CCDFD770} = {96A0AEB7-ACFA-491C-8FA5-2A1BE4E8B718}
		{60352223-EEDC-4C1B-ACAC-D28622D5357B} = {96A0AEB7-ACFA-491C-8FA5-2A1BE4E8B718}
		{3E4C7202-8D87-4A52-A50A-0F0CC62BA70B} = {6E25DD54-88B0-4647-9AB1-2575C5253B52}
		{0163D2DA-3B69-46CC-AF1D-D9C6C2E5FB56} = {DF33E0FB-9790-4654-B60F-8AB22E0CC3D1}
		{CD4BBC89-40DA-498B-832F-14B8E2AFD178} = {DF33E0FB-9790-4654-B60F-8AB22E0CC3D1}
		{607F7F15-0A1F-43E1-ADEE-ECC4ECDF4924} = {DF33E0FB-9790-4654-B60F-8AB22E0CC3D1}
		{F13FD688-603D-4F3E-A17C-7BE7B7D68E19} = {DF33E0FB-9790-4654-B60F-8AB22E0CC3D1}
		{79A68FEE-E355-4C09-A8B0-7C3E11BB6446} = {DF33E0FB-9790-4654-B60F-8AB22E0CC3D1}
		{4DEC9041-A065-45E1-A108-36EEBA6B300C} = {8FFDF555-DB50-45F9-9A2D-6410F39151C3}
		{DBB8B83A-DDCD-42C5-9B29-EC13AAC121B6} = {8FFDF555-DB50-45F9-9A2D-6410F39151C3}
		{19D99ACE-9BA9-4153-8FD1-46585E330FA1} = {8FFDF555-DB50-45F9-9A2D-6410F39151C3}
		{27510F15-B305-47B2-BE61-F7152F90E55B} = {8FFDF555-DB50-45F9-9A2D-6410F39151C3}
		{8E0509C3-90FA-407F-BF32-C317A854F750} = {8FFDF555-DB50-45F9-9A2D-6410F39151C3}
		{ED1921D8-DC37-4F85-9959-4DE4885769BF} = {8FFDF555-DB50-45F9-9A2D-6410F39151C3}
		{B860E5CE-9F67-4966-9B96-42DF2B918188} = {8FFDF555-DB50-45F9-9A2D-6410F39151C3}
		{C7C74F9B-975A-42EB-BD51-B19269E1A6E0} = {8FFDF555-DB50-45F9-9A2D-6410F39151C3}
		{813868CE-1951-4F2F-B825-FDE3A6261749} = {8FFDF555-DB50-45F9-9A2D-6410F39151C3}
		{042781E6-4167-4B0E-B492-775909324400} = {8FFDF555-DB50-45F9-9A2D-6410F39151C3}
		{3543A566-A752-4DF9-84BD-1DFDF817271E} = {8FFDF555-DB50-45F9-9A2D-6410F39151C3}
		{4097F1AC-F53D-4AC0-98E5-DAFF3C41920F} = {8FFDF555-DB50-45F9-9A2D-6410F39151C3}
		{32EC7333-9000-4DCF-9D7A-259A16A3DC9D} = {8FFDF555-DB50-45F9-9A2D-6410F39151C3}
	EndGlobalSection
	GlobalSection(ExtensibilityGlobals) = postSolution
		SolutionGuid = {439897C2-CCBD-44FE-B2DC-A3E4670ADA59}
	EndGlobalSection
EndGlobal
