
Microsoft Visual Studio Solution File, Format Version 12.00
# Visual Studio 15
VisualStudioVersion = 15.0.27110.0
MinimumVisualStudioVersion = 10.0.40219.1
Project("{9A19103F-16F7-4668-BE54-9A1E7A4F7556}") = "Rocket.Surgery.Conventions", "src\Conventions\Rocket.Surgery.Conventions.csproj", "{1D4F9E90-D854-40C7-9A8F-522658FD7241}"
EndProject
Project("{9A19103F-16F7-4668-BE54-9A1E7A4F7556}") = "Rocket.Surgery.Conventions.Abstractions", "src\Conventions.Abstractions\Rocket.Surgery.Conventions.Abstractions.csproj", "{1689E10C-A577-49FC-B37E-8F05971CF064}"
EndProject
Project("{9A19103F-16F7-4668-BE54-9A1E7A4F7556}") = "Rocket.Surgery.Conventions.Tests", "test\Conventions.Tests\Rocket.Surgery.Conventions.Tests.csproj", "{4775A627-4562-4C55-8EE9-50544E49B20D}"
EndProject
Project("{2150E333-8FDC-42A3-9474-1A3956D46DE8}") = ".config", ".config", "{1E56F8EA-0A93-4EA5-9EC6-400B24CAC531}"
	ProjectSection(SolutionItems) = preProject
		.appveyor.yml = .appveyor.yml
		.editorconfig = .editorconfig
		.gitattributes = .gitattributes
		.gitignore = .gitignore
		.gitmodules = .gitmodules
		.travis.yml = .travis.yml
		cake.config = cake.config
		GitVersion.yml = GitVersion.yml
		NuGet.config = NuGet.config
		Readme.md = Readme.md
	EndProjectSection
EndProject
Project("{2150E333-8FDC-42A3-9474-1A3956D46DE8}") = ".build", ".build", "{2D7895AC-3F01-45F6-9F26-85F09B6F7E62}"
	ProjectSection(SolutionItems) = preProject
		build.ps1 = build.ps1
		cakefile.cake = cakefile.cake
		Common.Build.props = Common.Build.props
	EndProjectSection
EndProject
Project("{2150E333-8FDC-42A3-9474-1A3956D46DE8}") = "src", "src", "{52F62811-7776-42E4-921F-E1F9202F8074}"
	ProjectSection(SolutionItems) = preProject
		src\Directory.Build.props = src\Directory.Build.props
	EndProjectSection
EndProject
Project("{2150E333-8FDC-42A3-9474-1A3956D46DE8}") = "test", "test", "{F2329C11-7A3F-4D18-A665-6FA91A922DBF}"
	ProjectSection(SolutionItems) = preProject
		test\Directory.Build.props = test\Directory.Build.props
		test\Directory.Build.targets = test\Directory.Build.targets
	EndProjectSection
EndProject
Project("{2150E333-8FDC-42A3-9474-1A3956D46DE8}") = "sample", "sample", "{C4335B9B-E327-4B83-A228-735873972363}"
	ProjectSection(SolutionItems) = preProject
		sample\Directory.Build.props = sample\Directory.Build.props
	EndProjectSection
EndProject
Project("{9A19103F-16F7-4668-BE54-9A1E7A4F7556}") = "Sample.DependencyOne", "sample\Sample.DependencyOne\Sample.DependencyOne.csproj", "{0AE273C5-B6D1-451D-BBE8-EC004AE90ED5}"
EndProject
Project("{9A19103F-16F7-4668-BE54-9A1E7A4F7556}") = "Sample.DependencyThree", "sample\Sample.DependencyThree\Sample.DependencyThree.csproj", "{95BE10B9-389E-4709-A359-76143AF3800C}"
EndProject
Project("{9A19103F-16F7-4668-BE54-9A1E7A4F7556}") = "Sample.DependencyTwo", "sample\Sample.DependencyTwo\Sample.DependencyTwo.csproj", "{80FA44CA-BF0F-4783-835E-416386696FAA}"
EndProject
Project("{FAE04EC0-301F-11D3-BF4B-00C04F79EFBC}") = "Rocket.Surgery.Builders.Abstractions", "src\Builders.Abstractions\Rocket.Surgery.Builders.Abstractions.csproj", "{FE33B09D-9E3B-4142-81D4-2D97588F37B4}"
EndProject
Project("{FAE04EC0-301F-11D3-BF4B-00C04F79EFBC}") = "Rocket.Surgery.Builders", "src\Builders\Rocket.Surgery.Builders.csproj", "{28596266-337B-4078-8A3B-B001B267B46F}"
EndProject
Project("{FAE04EC0-301F-11D3-BF4B-00C04F79EFBC}") = "Rocket.Surgery.Builders.Tests", "test\Builders.Tests\Rocket.Surgery.Builders.Tests.csproj", "{B39895CC-6339-4939-8B01-282CDDBBD76F}"
EndProject
Global
	GlobalSection(SolutionConfigurationPlatforms) = preSolution
		Debug|Any CPU = Debug|Any CPU
		Release|Any CPU = Release|Any CPU
	EndGlobalSection
	GlobalSection(ProjectConfigurationPlatforms) = postSolution
		{1D4F9E90-D854-40C7-9A8F-522658FD7241}.Debug|Any CPU.ActiveCfg = Debug|Any CPU
		{1D4F9E90-D854-40C7-9A8F-522658FD7241}.Debug|Any CPU.Build.0 = Debug|Any CPU
		{1D4F9E90-D854-40C7-9A8F-522658FD7241}.Release|Any CPU.ActiveCfg = Release|Any CPU
		{1D4F9E90-D854-40C7-9A8F-522658FD7241}.Release|Any CPU.Build.0 = Release|Any CPU
		{1689E10C-A577-49FC-B37E-8F05971CF064}.Debug|Any CPU.ActiveCfg = Debug|Any CPU
		{1689E10C-A577-49FC-B37E-8F05971CF064}.Debug|Any CPU.Build.0 = Debug|Any CPU
		{1689E10C-A577-49FC-B37E-8F05971CF064}.Release|Any CPU.ActiveCfg = Release|Any CPU
		{1689E10C-A577-49FC-B37E-8F05971CF064}.Release|Any CPU.Build.0 = Release|Any CPU
		{4775A627-4562-4C55-8EE9-50544E49B20D}.Debug|Any CPU.ActiveCfg = Debug|Any CPU
		{4775A627-4562-4C55-8EE9-50544E49B20D}.Debug|Any CPU.Build.0 = Debug|Any CPU
		{4775A627-4562-4C55-8EE9-50544E49B20D}.Release|Any CPU.ActiveCfg = Release|Any CPU
		{4775A627-4562-4C55-8EE9-50544E49B20D}.Release|Any CPU.Build.0 = Release|Any CPU
		{0AE273C5-B6D1-451D-BBE8-EC004AE90ED5}.Debug|Any CPU.ActiveCfg = Debug|Any CPU
		{0AE273C5-B6D1-451D-BBE8-EC004AE90ED5}.Debug|Any CPU.Build.0 = Debug|Any CPU
		{0AE273C5-B6D1-451D-BBE8-EC004AE90ED5}.Release|Any CPU.ActiveCfg = Release|Any CPU
		{0AE273C5-B6D1-451D-BBE8-EC004AE90ED5}.Release|Any CPU.Build.0 = Release|Any CPU
		{95BE10B9-389E-4709-A359-76143AF3800C}.Debug|Any CPU.ActiveCfg = Debug|Any CPU
		{95BE10B9-389E-4709-A359-76143AF3800C}.Debug|Any CPU.Build.0 = Debug|Any CPU
		{95BE10B9-389E-4709-A359-76143AF3800C}.Release|Any CPU.ActiveCfg = Release|Any CPU
		{95BE10B9-389E-4709-A359-76143AF3800C}.Release|Any CPU.Build.0 = Release|Any CPU
		{80FA44CA-BF0F-4783-835E-416386696FAA}.Debug|Any CPU.ActiveCfg = Debug|Any CPU
		{80FA44CA-BF0F-4783-835E-416386696FAA}.Debug|Any CPU.Build.0 = Debug|Any CPU
		{80FA44CA-BF0F-4783-835E-416386696FAA}.Release|Any CPU.ActiveCfg = Release|Any CPU
		{80FA44CA-BF0F-4783-835E-416386696FAA}.Release|Any CPU.Build.0 = Release|Any CPU
		{FE33B09D-9E3B-4142-81D4-2D97588F37B4}.Debug|Any CPU.ActiveCfg = Debug|Any CPU
		{FE33B09D-9E3B-4142-81D4-2D97588F37B4}.Debug|Any CPU.Build.0 = Debug|Any CPU
		{FE33B09D-9E3B-4142-81D4-2D97588F37B4}.Release|Any CPU.ActiveCfg = Release|Any CPU
		{FE33B09D-9E3B-4142-81D4-2D97588F37B4}.Release|Any CPU.Build.0 = Release|Any CPU
		{28596266-337B-4078-8A3B-B001B267B46F}.Debug|Any CPU.ActiveCfg = Debug|Any CPU
		{28596266-337B-4078-8A3B-B001B267B46F}.Debug|Any CPU.Build.0 = Debug|Any CPU
		{28596266-337B-4078-8A3B-B001B267B46F}.Release|Any CPU.ActiveCfg = Release|Any CPU
		{28596266-337B-4078-8A3B-B001B267B46F}.Release|Any CPU.Build.0 = Release|Any CPU
		{B39895CC-6339-4939-8B01-282CDDBBD76F}.Debug|Any CPU.ActiveCfg = Debug|Any CPU
		{B39895CC-6339-4939-8B01-282CDDBBD76F}.Debug|Any CPU.Build.0 = Debug|Any CPU
		{B39895CC-6339-4939-8B01-282CDDBBD76F}.Release|Any CPU.ActiveCfg = Release|Any CPU
		{B39895CC-6339-4939-8B01-282CDDBBD76F}.Release|Any CPU.Build.0 = Release|Any CPU
	EndGlobalSection
	GlobalSection(SolutionProperties) = preSolution
		HideSolutionNode = FALSE
	EndGlobalSection
	GlobalSection(NestedProjects) = preSolution
		{1D4F9E90-D854-40C7-9A8F-522658FD7241} = {52F62811-7776-42E4-921F-E1F9202F8074}
		{1689E10C-A577-49FC-B37E-8F05971CF064} = {52F62811-7776-42E4-921F-E1F9202F8074}
		{4775A627-4562-4C55-8EE9-50544E49B20D} = {F2329C11-7A3F-4D18-A665-6FA91A922DBF}
		{0AE273C5-B6D1-451D-BBE8-EC004AE90ED5} = {C4335B9B-E327-4B83-A228-735873972363}
		{95BE10B9-389E-4709-A359-76143AF3800C} = {C4335B9B-E327-4B83-A228-735873972363}
		{80FA44CA-BF0F-4783-835E-416386696FAA} = {C4335B9B-E327-4B83-A228-735873972363}
		{FE33B09D-9E3B-4142-81D4-2D97588F37B4} = {52F62811-7776-42E4-921F-E1F9202F8074}
		{28596266-337B-4078-8A3B-B001B267B46F} = {52F62811-7776-42E4-921F-E1F9202F8074}
		{B39895CC-6339-4939-8B01-282CDDBBD76F} = {F2329C11-7A3F-4D18-A665-6FA91A922DBF}
	EndGlobalSection
	GlobalSection(ExtensibilityGlobals) = postSolution
		SolutionGuid = {7EF3BE50-98BC-4A67-A514-EF6078B1DA37}
	EndGlobalSection
EndGlobal
